// !$*UTF8*$!
{
	archiveVersion = 1;
	classes = {
	};
	objectVersion = 51;
	objects = {

/* Begin PBXBuildFile section */
		0457639007C3BDC7B1BDCF80 /* Pods_Sports_App.framework in Frameworks */ = {isa = PBXBuildFile; fileRef = 55897958D559338DAC2C497A /* Pods_Sports_App.framework */; };
		70C45B27AD83967EB3BA17D3 /* Pods_Sports_AppTests.framework in Frameworks */ = {isa = PBXBuildFile; fileRef = C501FDF610954E347507FAB8 /* Pods_Sports_AppTests.framework */; };
		D9126F1E26110618000C2EA7 /* TeamsCell.swift in Sources */ = {isa = PBXBuildFile; fileRef = D9126F1C26110618000C2EA7 /* TeamsCell.swift */; };
		D9126F1F26110618000C2EA7 /* TeamsCell.xib in Resources */ = {isa = PBXBuildFile; fileRef = D9126F1D26110618000C2EA7 /* TeamsCell.xib */; };
		D9126F2326110E5E000C2EA7 /* LeaguesDetailsResponse.swift in Sources */ = {isa = PBXBuildFile; fileRef = D9126F2226110E5E000C2EA7 /* LeaguesDetailsResponse.swift */; };
		D9126F2A26110F59000C2EA7 /* LeaguesDetailsModel.swift in Sources */ = {isa = PBXBuildFile; fileRef = D9126F2926110F59000C2EA7 /* LeaguesDetailsModel.swift */; };
		D9126F2F26111142000C2EA7 /* EventssNetworking.swift in Sources */ = {isa = PBXBuildFile; fileRef = D9126F2E26111142000C2EA7 /* EventssNetworking.swift */; };
		D9126F35261112FA000C2EA7 /* EventsAPI.swift in Sources */ = {isa = PBXBuildFile; fileRef = D9126F34261112FA000C2EA7 /* EventsAPI.swift */; };
		D9126F3926111335000C2EA7 /* EventsResponse.swift in Sources */ = {isa = PBXBuildFile; fileRef = D9126F3826111335000C2EA7 /* EventsResponse.swift */; };
		D9126F3E261113E9000C2EA7 /* EventsModel.swift in Sources */ = {isa = PBXBuildFile; fileRef = D9126F3D261113E9000C2EA7 /* EventsModel.swift */; };
		D9126F45261115D9000C2EA7 /* TeamsNetworking.swift in Sources */ = {isa = PBXBuildFile; fileRef = D9126F44261115D9000C2EA7 /* TeamsNetworking.swift */; };
		D9126F4B261117E3000C2EA7 /* TeamsAPI.swift in Sources */ = {isa = PBXBuildFile; fileRef = D9126F4A261117E3000C2EA7 /* TeamsAPI.swift */; };
		D9126F4F26111824000C2EA7 /* AllTeamsResponse.swift in Sources */ = {isa = PBXBuildFile; fileRef = D9126F4E26111824000C2EA7 /* AllTeamsResponse.swift */; };
		D9126F58261119BB000C2EA7 /* AllTemasModel.swift in Sources */ = {isa = PBXBuildFile; fileRef = D9126F57261119BB000C2EA7 /* AllTemasModel.swift */; };
		D9126F5E26111E2B000C2EA7 /* UpcommingEventsViewModel.swift in Sources */ = {isa = PBXBuildFile; fileRef = D9126F5D26111E2B000C2EA7 /* UpcommingEventsViewModel.swift */; };
		D917C49D260FC470002A6F21 /* AppDelegate.swift in Sources */ = {isa = PBXBuildFile; fileRef = D917C49C260FC470002A6F21 /* AppDelegate.swift */; };
		D917C4A1260FC470002A6F21 /* HomeViewControllers.swift in Sources */ = {isa = PBXBuildFile; fileRef = D917C4A0260FC470002A6F21 /* HomeViewControllers.swift */; };
		D917C4A4260FC470002A6F21 /* Main.storyboard in Resources */ = {isa = PBXBuildFile; fileRef = D917C4A2260FC470002A6F21 /* Main.storyboard */; };
		D917C4A7260FC470002A6F21 /* Sports_App.xcdatamodeld in Sources */ = {isa = PBXBuildFile; fileRef = D917C4A5260FC470002A6F21 /* Sports_App.xcdatamodeld */; };
		D917C4A9260FC471002A6F21 /* Assets.xcassets in Resources */ = {isa = PBXBuildFile; fileRef = D917C4A8260FC471002A6F21 /* Assets.xcassets */; };
		D917C4AC260FC471002A6F21 /* LaunchScreen.storyboard in Resources */ = {isa = PBXBuildFile; fileRef = D917C4AA260FC471002A6F21 /* LaunchScreen.storyboard */; };
		D917C4C6260FC514002A6F21 /* Sports_AppTests.swift in Sources */ = {isa = PBXBuildFile; fileRef = D917C4C5260FC514002A6F21 /* Sports_AppTests.swift */; };
		D917C4D0260FC52C002A6F21 /* HomeViewControllersTests.swift in Sources */ = {isa = PBXBuildFile; fileRef = D917C4CF260FC52C002A6F21 /* HomeViewControllersTests.swift */; };
		D917C4E8260FCCF2002A6F21 /* SportsCell.swift in Sources */ = {isa = PBXBuildFile; fileRef = D917C4E6260FCCF2002A6F21 /* SportsCell.swift */; };
		D917C4E9260FCCF2002A6F21 /* SportsCell.xib in Resources */ = {isa = PBXBuildFile; fileRef = D917C4E7260FCCF2002A6F21 /* SportsCell.xib */; };
		D91BD08C26105D030004D015 /* LeaguesViewController.swift in Sources */ = {isa = PBXBuildFile; fileRef = D91BD08B26105D030004D015 /* LeaguesViewController.swift */; };
		D91BD09A261062350004D015 /* LeagueCell.swift in Sources */ = {isa = PBXBuildFile; fileRef = D91BD098261062350004D015 /* LeagueCell.swift */; };
		D91BD09B261062350004D015 /* LeagueCell.xib in Resources */ = {isa = PBXBuildFile; fileRef = D91BD099261062350004D015 /* LeagueCell.xib */; };
		D91BD0A0261064F80004D015 /* LeaguesNetworking.swift in Sources */ = {isa = PBXBuildFile; fileRef = D91BD09F261064F80004D015 /* LeaguesNetworking.swift */; };
		D91BD0A6261066900004D015 /* LeaguesAPI.swift in Sources */ = {isa = PBXBuildFile; fileRef = D91BD0A5261066900004D015 /* LeaguesAPI.swift */; };
		D91BD0AA261066DF0004D015 /* LeaguesResponse.swift in Sources */ = {isa = PBXBuildFile; fileRef = D91BD0A9261066DF0004D015 /* LeaguesResponse.swift */; };
		D91BD0AF261067790004D015 /* LeaguesModel.swift in Sources */ = {isa = PBXBuildFile; fileRef = D91BD0AE261067790004D015 /* LeaguesModel.swift */; };
		D91BD0B5261068730004D015 /* LeaguesViewModel.swift in Sources */ = {isa = PBXBuildFile; fileRef = D91BD0B4261068730004D015 /* LeaguesViewModel.swift */; };
		D91BD0B926106E470004D015 /* LeaguesDetailsViewController.swift in Sources */ = {isa = PBXBuildFile; fileRef = D91BD0B826106E470004D015 /* LeaguesDetailsViewController.swift */; };
		D91BD0BD261071DB0004D015 /* CustomUILabel.swift in Sources */ = {isa = PBXBuildFile; fileRef = D91BD0BC261071DB0004D015 /* CustomUILabel.swift */; };
		D91BD0C3261074530004D015 /* UpcommingCell.swift in Sources */ = {isa = PBXBuildFile; fileRef = D91BD0C1261074530004D015 /* UpcommingCell.swift */; };
		D91BD0C4261074530004D015 /* UpcommingCell.xib in Resources */ = {isa = PBXBuildFile; fileRef = D91BD0C2261074530004D015 /* UpcommingCell.xib */; };
		D91BD0CC2610785C0004D015 /* ResultCell.swift in Sources */ = {isa = PBXBuildFile; fileRef = D91BD0CA2610785C0004D015 /* ResultCell.swift */; };
		D91BD0CD2610785C0004D015 /* ResultCell.xib in Resources */ = {isa = PBXBuildFile; fileRef = D91BD0CB2610785C0004D015 /* ResultCell.xib */; };
		D96090592613D2CA001320DA /* FavouriteViewController.swift in Sources */ = {isa = PBXBuildFile; fileRef = D96090582613D2CA001320DA /* FavouriteViewController.swift */; };
		D9DE28012611678800B5EC3F /* LastEventsViewModel.swift in Sources */ = {isa = PBXBuildFile; fileRef = D9DE28002611678800B5EC3F /* LastEventsViewModel.swift */; };
		D9DE28052611712F00B5EC3F /* AllTeamsViewModel.swift in Sources */ = {isa = PBXBuildFile; fileRef = D9DE28042611712F00B5EC3F /* AllTeamsViewModel.swift */; };
		D9DE28092611881800B5EC3F /* YoutubeViewViewController.swift in Sources */ = {isa = PBXBuildFile; fileRef = D9DE28082611881800B5EC3F /* YoutubeViewViewController.swift */; };
		D9DE280D26119BFE00B5EC3F /* TeamDetailsViewController.swift in Sources */ = {isa = PBXBuildFile; fileRef = D9DE280C26119BFE00B5EC3F /* TeamDetailsViewController.swift */; };
		D9E3757E2615A8BA0028E61A /* WelcomCell.swift in Sources */ = {isa = PBXBuildFile; fileRef = D9E3757C2615A8BA0028E61A /* WelcomCell.swift */; };
		D9E3757F2615A8BA0028E61A /* WelcomCell.xib in Resources */ = {isa = PBXBuildFile; fileRef = D9E3757D2615A8BA0028E61A /* WelcomCell.xib */; };
		D9E375832615AA2B0028E61A /* WelcomeViewController.swift in Sources */ = {isa = PBXBuildFile; fileRef = D9E375822615AA2B0028E61A /* WelcomeViewController.swift */; };
		D9F55C922610030C00B03552 /* UIColor.swift in Sources */ = {isa = PBXBuildFile; fileRef = D9F55C912610030C00B03552 /* UIColor.swift */; };
		D9F55CA52610090D00B03552 /* BaseURL.swift in Sources */ = {isa = PBXBuildFile; fileRef = D9F55CA42610090D00B03552 /* BaseURL.swift */; };
		D9F55CA9261009C200B03552 /* BaseAPI.swift in Sources */ = {isa = PBXBuildFile; fileRef = D9F55CA8261009C200B03552 /* BaseAPI.swift */; };
		D9F55CAD26100A0600B03552 /* TargetType.swift in Sources */ = {isa = PBXBuildFile; fileRef = D9F55CAC26100A0600B03552 /* TargetType.swift */; };
		D9F55CB226100A5000B03552 /* ErrorMessage.swift in Sources */ = {isa = PBXBuildFile; fileRef = D9F55CB126100A5000B03552 /* ErrorMessage.swift */; };
		D9F55CB826100A6A00B03552 /* ErrorResponse.swift in Sources */ = {isa = PBXBuildFile; fileRef = D9F55CB726100A6A00B03552 /* ErrorResponse.swift */; };
		D9F55CBD26100AED00B03552 /* SportsNetworking.swift in Sources */ = {isa = PBXBuildFile; fileRef = D9F55CBC26100AED00B03552 /* SportsNetworking.swift */; };
		D9F55CC326100CBB00B03552 /* SportsAPI.swift in Sources */ = {isa = PBXBuildFile; fileRef = D9F55CC226100CBB00B03552 /* SportsAPI.swift */; };
		D9F55CC726100D0B00B03552 /* SportsModel.swift in Sources */ = {isa = PBXBuildFile; fileRef = D9F55CC626100D0B00B03552 /* SportsModel.swift */; };
		D9F55CD0261010B000B03552 /* SportsResponse.swift in Sources */ = {isa = PBXBuildFile; fileRef = D9F55CCF261010B000B03552 /* SportsResponse.swift */; };
		D9F55CD52610129D00B03552 /* SportsViewModel.swift in Sources */ = {isa = PBXBuildFile; fileRef = D9F55CD42610129D00B03552 /* SportsViewModel.swift */; };
		D9F55CE926101CFC00B03552 /* UIImageView.swift in Sources */ = {isa = PBXBuildFile; fileRef = D9F55CE826101CFC00B03552 /* UIImageView.swift */; };
/* End PBXBuildFile section */

/* Begin PBXContainerItemProxy section */
		D917C4C8260FC514002A6F21 /* PBXContainerItemProxy */ = {
			isa = PBXContainerItemProxy;
			containerPortal = D917C491260FC470002A6F21 /* Project object */;
			proxyType = 1;
			remoteGlobalIDString = D917C498260FC470002A6F21;
			remoteInfo = "Sports-App";
		};
/* End PBXContainerItemProxy section */

/* Begin PBXFileReference section */
		22A27DE5B4D27D1FAF6921DC /* Pods-Sports-App.debug.xcconfig */ = {isa = PBXFileReference; includeInIndex = 1; lastKnownFileType = text.xcconfig; name = "Pods-Sports-App.debug.xcconfig"; path = "Target Support Files/Pods-Sports-App/Pods-Sports-App.debug.xcconfig"; sourceTree = "<group>"; };
		3CABC5E6AAA715EEB5876503 /* Pods-Sports-App.release.xcconfig */ = {isa = PBXFileReference; includeInIndex = 1; lastKnownFileType = text.xcconfig; name = "Pods-Sports-App.release.xcconfig"; path = "Target Support Files/Pods-Sports-App/Pods-Sports-App.release.xcconfig"; sourceTree = "<group>"; };
		55897958D559338DAC2C497A /* Pods_Sports_App.framework */ = {isa = PBXFileReference; explicitFileType = wrapper.framework; includeInIndex = 0; path = Pods_Sports_App.framework; sourceTree = BUILT_PRODUCTS_DIR; };
		C501FDF610954E347507FAB8 /* Pods_Sports_AppTests.framework */ = {isa = PBXFileReference; explicitFileType = wrapper.framework; includeInIndex = 0; path = Pods_Sports_AppTests.framework; sourceTree = BUILT_PRODUCTS_DIR; };
		D7A255053363D7BAD1FE5953 /* Pods-Sports-AppTests.release.xcconfig */ = {isa = PBXFileReference; includeInIndex = 1; lastKnownFileType = text.xcconfig; name = "Pods-Sports-AppTests.release.xcconfig"; path = "Target Support Files/Pods-Sports-AppTests/Pods-Sports-AppTests.release.xcconfig"; sourceTree = "<group>"; };
		D9126F1C26110618000C2EA7 /* TeamsCell.swift */ = {isa = PBXFileReference; lastKnownFileType = sourcecode.swift; path = TeamsCell.swift; sourceTree = "<group>"; };
		D9126F1D26110618000C2EA7 /* TeamsCell.xib */ = {isa = PBXFileReference; lastKnownFileType = file.xib; path = TeamsCell.xib; sourceTree = "<group>"; };
		D9126F2226110E5E000C2EA7 /* LeaguesDetailsResponse.swift */ = {isa = PBXFileReference; lastKnownFileType = sourcecode.swift; path = LeaguesDetailsResponse.swift; sourceTree = "<group>"; };
		D9126F2926110F59000C2EA7 /* LeaguesDetailsModel.swift */ = {isa = PBXFileReference; lastKnownFileType = sourcecode.swift; path = LeaguesDetailsModel.swift; sourceTree = "<group>"; };
		D9126F2E26111142000C2EA7 /* EventssNetworking.swift */ = {isa = PBXFileReference; lastKnownFileType = sourcecode.swift; path = EventssNetworking.swift; sourceTree = "<group>"; };
		D9126F34261112FA000C2EA7 /* EventsAPI.swift */ = {isa = PBXFileReference; lastKnownFileType = sourcecode.swift; path = EventsAPI.swift; sourceTree = "<group>"; };
		D9126F3826111335000C2EA7 /* EventsResponse.swift */ = {isa = PBXFileReference; lastKnownFileType = sourcecode.swift; path = EventsResponse.swift; sourceTree = "<group>"; };
		D9126F3D261113E9000C2EA7 /* EventsModel.swift */ = {isa = PBXFileReference; lastKnownFileType = sourcecode.swift; path = EventsModel.swift; sourceTree = "<group>"; };
		D9126F44261115D9000C2EA7 /* TeamsNetworking.swift */ = {isa = PBXFileReference; lastKnownFileType = sourcecode.swift; path = TeamsNetworking.swift; sourceTree = "<group>"; };
		D9126F4A261117E3000C2EA7 /* TeamsAPI.swift */ = {isa = PBXFileReference; lastKnownFileType = sourcecode.swift; path = TeamsAPI.swift; sourceTree = "<group>"; };
		D9126F4E26111824000C2EA7 /* AllTeamsResponse.swift */ = {isa = PBXFileReference; lastKnownFileType = sourcecode.swift; path = AllTeamsResponse.swift; sourceTree = "<group>"; };
		D9126F57261119BB000C2EA7 /* AllTemasModel.swift */ = {isa = PBXFileReference; lastKnownFileType = sourcecode.swift; path = AllTemasModel.swift; sourceTree = "<group>"; };
		D9126F5D26111E2B000C2EA7 /* UpcommingEventsViewModel.swift */ = {isa = PBXFileReference; lastKnownFileType = sourcecode.swift; path = UpcommingEventsViewModel.swift; sourceTree = "<group>"; };
		D917C499260FC470002A6F21 /* Sports-App.app */ = {isa = PBXFileReference; explicitFileType = wrapper.application; includeInIndex = 0; path = "Sports-App.app"; sourceTree = BUILT_PRODUCTS_DIR; };
		D917C49C260FC470002A6F21 /* AppDelegate.swift */ = {isa = PBXFileReference; lastKnownFileType = sourcecode.swift; path = AppDelegate.swift; sourceTree = "<group>"; };
		D917C4A0260FC470002A6F21 /* HomeViewControllers.swift */ = {isa = PBXFileReference; lastKnownFileType = sourcecode.swift; path = HomeViewControllers.swift; sourceTree = "<group>"; };
		D917C4A3260FC470002A6F21 /* Base */ = {isa = PBXFileReference; lastKnownFileType = file.storyboard; name = Base; path = Base.lproj/Main.storyboard; sourceTree = "<group>"; };
		D917C4A6260FC470002A6F21 /* Sports_App.xcdatamodel */ = {isa = PBXFileReference; lastKnownFileType = wrapper.xcdatamodel; path = Sports_App.xcdatamodel; sourceTree = "<group>"; };
		D917C4A8260FC471002A6F21 /* Assets.xcassets */ = {isa = PBXFileReference; lastKnownFileType = folder.assetcatalog; path = Assets.xcassets; sourceTree = "<group>"; };
		D917C4AB260FC471002A6F21 /* Base */ = {isa = PBXFileReference; lastKnownFileType = file.storyboard; name = Base; path = Base.lproj/LaunchScreen.storyboard; sourceTree = "<group>"; };
		D917C4AD260FC471002A6F21 /* Info.plist */ = {isa = PBXFileReference; lastKnownFileType = text.plist.xml; path = Info.plist; sourceTree = "<group>"; };
		D917C4C3260FC514002A6F21 /* Sports-AppTests.xctest */ = {isa = PBXFileReference; explicitFileType = wrapper.cfbundle; includeInIndex = 0; path = "Sports-AppTests.xctest"; sourceTree = BUILT_PRODUCTS_DIR; };
		D917C4C5260FC514002A6F21 /* Sports_AppTests.swift */ = {isa = PBXFileReference; lastKnownFileType = sourcecode.swift; path = Sports_AppTests.swift; sourceTree = "<group>"; };
		D917C4C7260FC514002A6F21 /* Info.plist */ = {isa = PBXFileReference; lastKnownFileType = text.plist.xml; path = Info.plist; sourceTree = "<group>"; };
		D917C4CF260FC52C002A6F21 /* HomeViewControllersTests.swift */ = {isa = PBXFileReference; lastKnownFileType = sourcecode.swift; path = HomeViewControllersTests.swift; sourceTree = "<group>"; };
		D917C4E6260FCCF2002A6F21 /* SportsCell.swift */ = {isa = PBXFileReference; lastKnownFileType = sourcecode.swift; path = SportsCell.swift; sourceTree = "<group>"; };
		D917C4E7260FCCF2002A6F21 /* SportsCell.xib */ = {isa = PBXFileReference; lastKnownFileType = file.xib; path = SportsCell.xib; sourceTree = "<group>"; };
		D91BD08B26105D030004D015 /* LeaguesViewController.swift */ = {isa = PBXFileReference; lastKnownFileType = sourcecode.swift; path = LeaguesViewController.swift; sourceTree = "<group>"; };
		D91BD098261062350004D015 /* LeagueCell.swift */ = {isa = PBXFileReference; lastKnownFileType = sourcecode.swift; path = LeagueCell.swift; sourceTree = "<group>"; };
		D91BD099261062350004D015 /* LeagueCell.xib */ = {isa = PBXFileReference; lastKnownFileType = file.xib; path = LeagueCell.xib; sourceTree = "<group>"; };
		D91BD09F261064F80004D015 /* LeaguesNetworking.swift */ = {isa = PBXFileReference; lastKnownFileType = sourcecode.swift; path = LeaguesNetworking.swift; sourceTree = "<group>"; };
		D91BD0A5261066900004D015 /* LeaguesAPI.swift */ = {isa = PBXFileReference; lastKnownFileType = sourcecode.swift; path = LeaguesAPI.swift; sourceTree = "<group>"; };
		D91BD0A9261066DF0004D015 /* LeaguesResponse.swift */ = {isa = PBXFileReference; lastKnownFileType = sourcecode.swift; path = LeaguesResponse.swift; sourceTree = "<group>"; };
		D91BD0AE261067790004D015 /* LeaguesModel.swift */ = {isa = PBXFileReference; lastKnownFileType = sourcecode.swift; path = LeaguesModel.swift; sourceTree = "<group>"; };
		D91BD0B4261068730004D015 /* LeaguesViewModel.swift */ = {isa = PBXFileReference; lastKnownFileType = sourcecode.swift; path = LeaguesViewModel.swift; sourceTree = "<group>"; };
		D91BD0B826106E470004D015 /* LeaguesDetailsViewController.swift */ = {isa = PBXFileReference; lastKnownFileType = sourcecode.swift; path = LeaguesDetailsViewController.swift; sourceTree = "<group>"; };
		D91BD0BC261071DB0004D015 /* CustomUILabel.swift */ = {isa = PBXFileReference; lastKnownFileType = sourcecode.swift; path = CustomUILabel.swift; sourceTree = "<group>"; };
		D91BD0C1261074530004D015 /* UpcommingCell.swift */ = {isa = PBXFileReference; lastKnownFileType = sourcecode.swift; path = UpcommingCell.swift; sourceTree = "<group>"; };
		D91BD0C2261074530004D015 /* UpcommingCell.xib */ = {isa = PBXFileReference; lastKnownFileType = file.xib; path = UpcommingCell.xib; sourceTree = "<group>"; };
		D91BD0CA2610785C0004D015 /* ResultCell.swift */ = {isa = PBXFileReference; lastKnownFileType = sourcecode.swift; path = ResultCell.swift; sourceTree = "<group>"; };
		D91BD0CB2610785C0004D015 /* ResultCell.xib */ = {isa = PBXFileReference; lastKnownFileType = file.xib; path = ResultCell.xib; sourceTree = "<group>"; };
		D91BD0D0261079400004D015 /* OpenSans-Bold.ttf */ = {isa = PBXFileReference; lastKnownFileType = file; path = "OpenSans-Bold.ttf"; sourceTree = "<group>"; };
		D96090582613D2CA001320DA /* FavouriteViewController.swift */ = {isa = PBXFileReference; lastKnownFileType = sourcecode.swift; path = FavouriteViewController.swift; sourceTree = "<group>"; };
		D9DE28002611678800B5EC3F /* LastEventsViewModel.swift */ = {isa = PBXFileReference; lastKnownFileType = sourcecode.swift; path = LastEventsViewModel.swift; sourceTree = "<group>"; };
		D9DE28042611712F00B5EC3F /* AllTeamsViewModel.swift */ = {isa = PBXFileReference; lastKnownFileType = sourcecode.swift; path = AllTeamsViewModel.swift; sourceTree = "<group>"; };
		D9DE28082611881800B5EC3F /* YoutubeViewViewController.swift */ = {isa = PBXFileReference; lastKnownFileType = sourcecode.swift; path = YoutubeViewViewController.swift; sourceTree = "<group>"; };
		D9DE280C26119BFE00B5EC3F /* TeamDetailsViewController.swift */ = {isa = PBXFileReference; lastKnownFileType = sourcecode.swift; path = TeamDetailsViewController.swift; sourceTree = "<group>"; };
		D9E3757C2615A8BA0028E61A /* WelcomCell.swift */ = {isa = PBXFileReference; lastKnownFileType = sourcecode.swift; path = WelcomCell.swift; sourceTree = "<group>"; };
		D9E3757D2615A8BA0028E61A /* WelcomCell.xib */ = {isa = PBXFileReference; lastKnownFileType = file.xib; path = WelcomCell.xib; sourceTree = "<group>"; };
		D9E375822615AA2B0028E61A /* WelcomeViewController.swift */ = {isa = PBXFileReference; lastKnownFileType = sourcecode.swift; path = WelcomeViewController.swift; sourceTree = "<group>"; };
		D9F55C912610030C00B03552 /* UIColor.swift */ = {isa = PBXFileReference; lastKnownFileType = sourcecode.swift; path = UIColor.swift; sourceTree = "<group>"; };
		D9F55C9C261004F000B03552 /* OpenSans-SemiBold.ttf */ = {isa = PBXFileReference; lastKnownFileType = file; path = "OpenSans-SemiBold.ttf"; sourceTree = "<group>"; };
		D9F55C9F261006AB00B03552 /* American Typewriter Regular.ttf */ = {isa = PBXFileReference; lastKnownFileType = file; path = "American Typewriter Regular.ttf"; sourceTree = "<group>"; };
		D9F55CA42610090D00B03552 /* BaseURL.swift */ = {isa = PBXFileReference; lastKnownFileType = sourcecode.swift; path = BaseURL.swift; sourceTree = "<group>"; };
		D9F55CA8261009C200B03552 /* BaseAPI.swift */ = {isa = PBXFileReference; lastKnownFileType = sourcecode.swift; path = BaseAPI.swift; sourceTree = "<group>"; };
		D9F55CAC26100A0600B03552 /* TargetType.swift */ = {isa = PBXFileReference; lastKnownFileType = sourcecode.swift; path = TargetType.swift; sourceTree = "<group>"; };
		D9F55CB126100A5000B03552 /* ErrorMessage.swift */ = {isa = PBXFileReference; lastKnownFileType = sourcecode.swift; path = ErrorMessage.swift; sourceTree = "<group>"; };
		D9F55CB726100A6A00B03552 /* ErrorResponse.swift */ = {isa = PBXFileReference; lastKnownFileType = sourcecode.swift; path = ErrorResponse.swift; sourceTree = "<group>"; };
		D9F55CBC26100AED00B03552 /* SportsNetworking.swift */ = {isa = PBXFileReference; lastKnownFileType = sourcecode.swift; path = SportsNetworking.swift; sourceTree = "<group>"; };
		D9F55CC226100CBB00B03552 /* SportsAPI.swift */ = {isa = PBXFileReference; lastKnownFileType = sourcecode.swift; path = SportsAPI.swift; sourceTree = "<group>"; };
		D9F55CC626100D0B00B03552 /* SportsModel.swift */ = {isa = PBXFileReference; lastKnownFileType = sourcecode.swift; path = SportsModel.swift; sourceTree = "<group>"; };
		D9F55CCF261010B000B03552 /* SportsResponse.swift */ = {isa = PBXFileReference; lastKnownFileType = sourcecode.swift; path = SportsResponse.swift; sourceTree = "<group>"; };
		D9F55CD42610129D00B03552 /* SportsViewModel.swift */ = {isa = PBXFileReference; lastKnownFileType = sourcecode.swift; path = SportsViewModel.swift; sourceTree = "<group>"; };
		D9F55CE826101CFC00B03552 /* UIImageView.swift */ = {isa = PBXFileReference; lastKnownFileType = sourcecode.swift; path = UIImageView.swift; sourceTree = "<group>"; };
		FDE604A4A78A08B57D518F3A /* Pods-Sports-AppTests.debug.xcconfig */ = {isa = PBXFileReference; includeInIndex = 1; lastKnownFileType = text.xcconfig; name = "Pods-Sports-AppTests.debug.xcconfig"; path = "Target Support Files/Pods-Sports-AppTests/Pods-Sports-AppTests.debug.xcconfig"; sourceTree = "<group>"; };
/* End PBXFileReference section */

/* Begin PBXFrameworksBuildPhase section */
		D917C496260FC470002A6F21 /* Frameworks */ = {
			isa = PBXFrameworksBuildPhase;
			buildActionMask = 2147483647;
			files = (
				0457639007C3BDC7B1BDCF80 /* Pods_Sports_App.framework in Frameworks */,
			);
			runOnlyForDeploymentPostprocessing = 0;
		};
		D917C4C0260FC514002A6F21 /* Frameworks */ = {
			isa = PBXFrameworksBuildPhase;
			buildActionMask = 2147483647;
			files = (
				70C45B27AD83967EB3BA17D3 /* Pods_Sports_AppTests.framework in Frameworks */,
			);
			runOnlyForDeploymentPostprocessing = 0;
		};
/* End PBXFrameworksBuildPhase section */

/* Begin PBXGroup section */
		36BA932171ACFFF6A2AE0E19 /* Pods */ = {
			isa = PBXGroup;
			children = (
				22A27DE5B4D27D1FAF6921DC /* Pods-Sports-App.debug.xcconfig */,
				3CABC5E6AAA715EEB5876503 /* Pods-Sports-App.release.xcconfig */,
				FDE604A4A78A08B57D518F3A /* Pods-Sports-AppTests.debug.xcconfig */,
				D7A255053363D7BAD1FE5953 /* Pods-Sports-AppTests.release.xcconfig */,
			);
			path = Pods;
			sourceTree = "<group>";
		};
		D9126F19261105F1000C2EA7 /* Teams Cell */ = {
			isa = PBXGroup;
			children = (
				D9126F1C26110618000C2EA7 /* TeamsCell.swift */,
				D9126F1D26110618000C2EA7 /* TeamsCell.xib */,
			);
			path = "Teams Cell";
			sourceTree = "<group>";
		};
		D9126F2626110F44000C2EA7 /* LeaguesDetailsModel */ = {
			isa = PBXGroup;
			children = (
				D9126F2926110F59000C2EA7 /* LeaguesDetailsModel.swift */,
			);
			path = LeaguesDetailsModel;
			sourceTree = "<group>";
		};
		D9126F2D26111120000C2EA7 /* Events */ = {
			isa = PBXGroup;
			children = (
				D9126F2E26111142000C2EA7 /* EventssNetworking.swift */,
				D9126F34261112FA000C2EA7 /* EventsAPI.swift */,
				D9126F3826111335000C2EA7 /* EventsResponse.swift */,
			);
			path = Events;
			sourceTree = "<group>";
		};
		D9126F3C261113CC000C2EA7 /* Events Model */ = {
			isa = PBXGroup;
			children = (
				D9126F3D261113E9000C2EA7 /* EventsModel.swift */,
				D9126F5D26111E2B000C2EA7 /* UpcommingEventsViewModel.swift */,
				D9DE28002611678800B5EC3F /* LastEventsViewModel.swift */,
			);
			path = "Events Model";
			sourceTree = "<group>";
		};
		D9126F43261115C8000C2EA7 /* Teams */ = {
			isa = PBXGroup;
			children = (
				D9126F44261115D9000C2EA7 /* TeamsNetworking.swift */,
				D9126F4A261117E3000C2EA7 /* TeamsAPI.swift */,
				D9126F4E26111824000C2EA7 /* AllTeamsResponse.swift */,
			);
			path = Teams;
			sourceTree = "<group>";
		};
		D9126F56261119A4000C2EA7 /* Teams Model */ = {
			isa = PBXGroup;
			children = (
				D9126F57261119BB000C2EA7 /* AllTemasModel.swift */,
				D9DE28042611712F00B5EC3F /* AllTeamsViewModel.swift */,
			);
			path = "Teams Model";
			sourceTree = "<group>";
		};
		D917C490260FC470002A6F21 = {
			isa = PBXGroup;
			children = (
				D917C49B260FC470002A6F21 /* Sports-App */,
				D917C4C4260FC514002A6F21 /* Sports-AppTests */,
				D917C49A260FC470002A6F21 /* Products */,
				36BA932171ACFFF6A2AE0E19 /* Pods */,
				E72FBD577CBA34F81F9EBFD2 /* Frameworks */,
			);
			sourceTree = "<group>";
		};
		D917C49A260FC470002A6F21 /* Products */ = {
			isa = PBXGroup;
			children = (
				D917C499260FC470002A6F21 /* Sports-App.app */,
				D917C4C3260FC514002A6F21 /* Sports-AppTests.xctest */,
			);
			name = Products;
			sourceTree = "<group>";
		};
		D917C49B260FC470002A6F21 /* Sports-App */ = {
			isa = PBXGroup;
			children = (
				D917C4B6260FC4C0002A6F21 /* AppDelegate */,
				D9F55C90261002F300B03552 /* Custome + Extenstion */,
				D9F55CA22610089A00B03552 /* NetworkManager */,
				D9F55CCC2610105100B03552 /* Models */,
				D917C4B8260FC4C9002A6F21 /* Controllers */,
				D917C4BA260FC4D2002A6F21 /* Views */,
				D917C4BB260FC4DB002A6F21 /* Resources */,
			);
			path = "Sports-App";
			sourceTree = "<group>";
		};
		D917C4B6260FC4C0002A6F21 /* AppDelegate */ = {
			isa = PBXGroup;
			children = (
				D917C49C260FC470002A6F21 /* AppDelegate.swift */,
			);
			path = AppDelegate;
			sourceTree = "<group>";
		};
		D917C4B8260FC4C9002A6F21 /* Controllers */ = {
			isa = PBXGroup;
			children = (
				D9E375822615AA2B0028E61A /* WelcomeViewController.swift */,
				D917C4A0260FC470002A6F21 /* HomeViewControllers.swift */,
				D96090582613D2CA001320DA /* FavouriteViewController.swift */,
				D91BD08B26105D030004D015 /* LeaguesViewController.swift */,
				D91BD0B826106E470004D015 /* LeaguesDetailsViewController.swift */,
				D9DE28082611881800B5EC3F /* YoutubeViewViewController.swift */,
				D9DE280C26119BFE00B5EC3F /* TeamDetailsViewController.swift */,
			);
			path = Controllers;
			sourceTree = "<group>";
		};
		D917C4BA260FC4D2002A6F21 /* Views */ = {
			isa = PBXGroup;
			children = (
				D917C4A2260FC470002A6F21 /* Main.storyboard */,
				D917C4AA260FC471002A6F21 /* LaunchScreen.storyboard */,
				D917C4E5260FCCD6002A6F21 /* Cell */,
			);
			path = Views;
			sourceTree = "<group>";
		};
		D917C4BB260FC4DB002A6F21 /* Resources */ = {
			isa = PBXGroup;
			children = (
				D9F55C95261003FC00B03552 /* Fonts */,
				D917C4A8260FC471002A6F21 /* Assets.xcassets */,
				D917C4AD260FC471002A6F21 /* Info.plist */,
				D917C4A5260FC470002A6F21 /* Sports_App.xcdatamodeld */,
			);
			path = Resources;
			sourceTree = "<group>";
		};
		D917C4C4260FC514002A6F21 /* Sports-AppTests */ = {
			isa = PBXGroup;
			children = (
				D917C4C5260FC514002A6F21 /* Sports_AppTests.swift */,
				D917C4CF260FC52C002A6F21 /* HomeViewControllersTests.swift */,
				D917C4C7260FC514002A6F21 /* Info.plist */,
			);
			path = "Sports-AppTests";
			sourceTree = "<group>";
		};
		D917C4E5260FCCD6002A6F21 /* Cell */ = {
			isa = PBXGroup;
			children = (
				D9E3757B2615A8990028E61A /* Welcome Cell */,
				D9126F19261105F1000C2EA7 /* Teams Cell */,
				D91BD0C7261078250004D015 /* Results Cell */,
				D91BD0C0261074220004D015 /* Upcomming Cell */,
				D91BD097261062140004D015 /* League Cell */,
				D917C4EC260FCCF9002A6F21 /* Sport Cell  */,
			);
			path = Cell;
			sourceTree = "<group>";
		};
		D917C4EC260FCCF9002A6F21 /* Sport Cell  */ = {
			isa = PBXGroup;
			children = (
				D917C4E6260FCCF2002A6F21 /* SportsCell.swift */,
				D917C4E7260FCCF2002A6F21 /* SportsCell.xib */,
			);
			path = "Sport Cell ";
			sourceTree = "<group>";
		};
		D91BD097261062140004D015 /* League Cell */ = {
			isa = PBXGroup;
			children = (
				D91BD098261062350004D015 /* LeagueCell.swift */,
				D91BD099261062350004D015 /* LeagueCell.xib */,
			);
			path = "League Cell";
			sourceTree = "<group>";
		};
		D91BD09E261064D80004D015 /* Leagues */ = {
			isa = PBXGroup;
			children = (
				D91BD09F261064F80004D015 /* LeaguesNetworking.swift */,
				D91BD0A5261066900004D015 /* LeaguesAPI.swift */,
				D91BD0A9261066DF0004D015 /* LeaguesResponse.swift */,
				D9126F2226110E5E000C2EA7 /* LeaguesDetailsResponse.swift */,
			);
			path = Leagues;
			sourceTree = "<group>";
		};
		D91BD0AD2610676B0004D015 /* LeaguesModel */ = {
			isa = PBXGroup;
			children = (
				D91BD0AE261067790004D015 /* LeaguesModel.swift */,
				D91BD0B4261068730004D015 /* LeaguesViewModel.swift */,
			);
			path = LeaguesModel;
			sourceTree = "<group>";
		};
		D91BD0C0261074220004D015 /* Upcomming Cell */ = {
			isa = PBXGroup;
			children = (
				D91BD0C1261074530004D015 /* UpcommingCell.swift */,
				D91BD0C2261074530004D015 /* UpcommingCell.xib */,
			);
			path = "\U0010Upcomming Cell";
			sourceTree = "<group>";
		};
		D91BD0C7261078250004D015 /* Results Cell */ = {
			isa = PBXGroup;
			children = (
				D91BD0CA2610785C0004D015 /* ResultCell.swift */,
				D91BD0CB2610785C0004D015 /* ResultCell.xib */,
			);
			path = "Results Cell";
			sourceTree = "<group>";
		};
		D9E3757B2615A8990028E61A /* Welcome Cell */ = {
			isa = PBXGroup;
			children = (
				D9E3757C2615A8BA0028E61A /* WelcomCell.swift */,
				D9E3757D2615A8BA0028E61A /* WelcomCell.xib */,
			);
			path = "Welcome Cell";
			sourceTree = "<group>";
		};
		D9F55C90261002F300B03552 /* Custome + Extenstion */ = {
			isa = PBXGroup;
			children = (
				D9F55C912610030C00B03552 /* UIColor.swift */,
				D9F55CE826101CFC00B03552 /* UIImageView.swift */,
				D91BD0BC261071DB0004D015 /* CustomUILabel.swift */,
			);
			path = "Custome + Extenstion";
			sourceTree = "<group>";
		};
		D9F55C95261003FC00B03552 /* Fonts */ = {
			isa = PBXGroup;
			children = (
				D9F55C9C261004F000B03552 /* OpenSans-SemiBold.ttf */,
				D91BD0D0261079400004D015 /* OpenSans-Bold.ttf */,
				D9F55C9F261006AB00B03552 /* American Typewriter Regular.ttf */,
			);
			path = Fonts;
			sourceTree = "<group>";
		};
		D9F55CA22610089A00B03552 /* NetworkManager */ = {
			isa = PBXGroup;
			children = (
				D9126F43261115C8000C2EA7 /* Teams */,
				D9126F2D26111120000C2EA7 /* Events */,
				D91BD09E261064D80004D015 /* Leagues */,
				D9F55CBB26100AC000B03552 /* Sports */,
				D9F55CA3261008FF00B03552 /* Base */,
				D9F55CB026100A3700B03552 /* Error */,
			);
			path = NetworkManager;
			sourceTree = "<group>";
		};
		D9F55CA3261008FF00B03552 /* Base */ = {
			isa = PBXGroup;
			children = (
				D9F55CA42610090D00B03552 /* BaseURL.swift */,
				D9F55CA8261009C200B03552 /* BaseAPI.swift */,
				D9F55CAC26100A0600B03552 /* TargetType.swift */,
			);
			path = Base;
			sourceTree = "<group>";
		};
		D9F55CB026100A3700B03552 /* Error */ = {
			isa = PBXGroup;
			children = (
				D9F55CB126100A5000B03552 /* ErrorMessage.swift */,
				D9F55CB726100A6A00B03552 /* ErrorResponse.swift */,
			);
			path = Error;
			sourceTree = "<group>";
		};
		D9F55CBB26100AC000B03552 /* Sports */ = {
			isa = PBXGroup;
			children = (
				D9F55CBC26100AED00B03552 /* SportsNetworking.swift */,
				D9F55CC226100CBB00B03552 /* SportsAPI.swift */,
				D9F55CCF261010B000B03552 /* SportsResponse.swift */,
			);
			path = Sports;
			sourceTree = "<group>";
		};
		D9F55CCC2610105100B03552 /* Models */ = {
			isa = PBXGroup;
			children = (
				D9126F56261119A4000C2EA7 /* Teams Model */,
				D9126F3C261113CC000C2EA7 /* Events Model */,
				D9126F2626110F44000C2EA7 /* LeaguesDetailsModel */,
				D91BD0AD2610676B0004D015 /* LeaguesModel */,
				D9F55CD32610128900B03552 /* SportsModel */,
			);
			path = Models;
			sourceTree = "<group>";
		};
		D9F55CD32610128900B03552 /* SportsModel */ = {
			isa = PBXGroup;
			children = (
				D9F55CC626100D0B00B03552 /* SportsModel.swift */,
				D9F55CD42610129D00B03552 /* SportsViewModel.swift */,
			);
			path = SportsModel;
			sourceTree = "<group>";
		};
		E72FBD577CBA34F81F9EBFD2 /* Frameworks */ = {
			isa = PBXGroup;
			children = (
				55897958D559338DAC2C497A /* Pods_Sports_App.framework */,
				C501FDF610954E347507FAB8 /* Pods_Sports_AppTests.framework */,
			);
			name = Frameworks;
			sourceTree = "<group>";
		};
/* End PBXGroup section */

/* Begin PBXNativeTarget section */
		D917C498260FC470002A6F21 /* Sports-App */ = {
			isa = PBXNativeTarget;
			buildConfigurationList = D917C4B0260FC471002A6F21 /* Build configuration list for PBXNativeTarget "Sports-App" */;
			buildPhases = (
				DA995174963DED7F2878A840 /* [CP] Check Pods Manifest.lock */,
				D917C495260FC470002A6F21 /* Sources */,
				D917C496260FC470002A6F21 /* Frameworks */,
				D917C497260FC470002A6F21 /* Resources */,
				575A4474F8AFCDE388F187C5 /* [CP] Embed Pods Frameworks */,
			);
			buildRules = (
			);
			dependencies = (
			);
			name = "Sports-App";
			productName = "Sports-App";
			productReference = D917C499260FC470002A6F21 /* Sports-App.app */;
			productType = "com.apple.product-type.application";
		};
		D917C4C2260FC514002A6F21 /* Sports-AppTests */ = {
			isa = PBXNativeTarget;
			buildConfigurationList = D917C4CA260FC514002A6F21 /* Build configuration list for PBXNativeTarget "Sports-AppTests" */;
			buildPhases = (
				48436F3D0DED7A0CF69BC2DA /* [CP] Check Pods Manifest.lock */,
				D917C4BF260FC514002A6F21 /* Sources */,
				D917C4C0260FC514002A6F21 /* Frameworks */,
				D917C4C1260FC514002A6F21 /* Resources */,
			);
			buildRules = (
			);
			dependencies = (
				D917C4C9260FC514002A6F21 /* PBXTargetDependency */,
			);
			name = "Sports-AppTests";
			productName = "Sports-AppTests";
			productReference = D917C4C3260FC514002A6F21 /* Sports-AppTests.xctest */;
			productType = "com.apple.product-type.bundle.unit-test";
		};
/* End PBXNativeTarget section */

/* Begin PBXProject section */
		D917C491260FC470002A6F21 /* Project object */ = {
			isa = PBXProject;
			attributes = {
				LastSwiftUpdateCheck = 1220;
				LastUpgradeCheck = 1220;
				TargetAttributes = {
					D917C498260FC470002A6F21 = {
						CreatedOnToolsVersion = 12.2;
					};
					D917C4C2260FC514002A6F21 = {
						CreatedOnToolsVersion = 12.2;
						TestTargetID = D917C498260FC470002A6F21;
					};
				};
			};
			buildConfigurationList = D917C494260FC470002A6F21 /* Build configuration list for PBXProject "Sports-App" */;
			compatibilityVersion = "Xcode 9.3";
			developmentRegion = en;
			hasScannedForEncodings = 0;
			knownRegions = (
				en,
				Base,
			);
			mainGroup = D917C490260FC470002A6F21;
			productRefGroup = D917C49A260FC470002A6F21 /* Products */;
			projectDirPath = "";
			projectRoot = "";
			targets = (
				D917C498260FC470002A6F21 /* Sports-App */,
				D917C4C2260FC514002A6F21 /* Sports-AppTests */,
			);
		};
/* End PBXProject section */

/* Begin PBXResourcesBuildPhase section */
		D917C497260FC470002A6F21 /* Resources */ = {
			isa = PBXResourcesBuildPhase;
			buildActionMask = 2147483647;
			files = (
				D9126F1F26110618000C2EA7 /* TeamsCell.xib in Resources */,
				D917C4AC260FC471002A6F21 /* LaunchScreen.storyboard in Resources */,
				D91BD0C4261074530004D015 /* UpcommingCell.xib in Resources */,
				D91BD0CD2610785C0004D015 /* ResultCell.xib in Resources */,
				D917C4A9260FC471002A6F21 /* Assets.xcassets in Resources */,
				D917C4E9260FCCF2002A6F21 /* SportsCell.xib in Resources */,
				D917C4A4260FC470002A6F21 /* Main.storyboard in Resources */,
				D9E3757F2615A8BA0028E61A /* WelcomCell.xib in Resources */,
				D91BD09B261062350004D015 /* LeagueCell.xib in Resources */,
			);
			runOnlyForDeploymentPostprocessing = 0;
		};
		D917C4C1260FC514002A6F21 /* Resources */ = {
			isa = PBXResourcesBuildPhase;
			buildActionMask = 2147483647;
			files = (
			);
			runOnlyForDeploymentPostprocessing = 0;
		};
/* End PBXResourcesBuildPhase section */

/* Begin PBXShellScriptBuildPhase section */
		48436F3D0DED7A0CF69BC2DA /* [CP] Check Pods Manifest.lock */ = {
			isa = PBXShellScriptBuildPhase;
			buildActionMask = 2147483647;
			files = (
			);
			inputFileListPaths = (
			);
			inputPaths = (
				"${PODS_PODFILE_DIR_PATH}/Podfile.lock",
				"${PODS_ROOT}/Manifest.lock",
			);
			name = "[CP] Check Pods Manifest.lock";
			outputFileListPaths = (
			);
			outputPaths = (
				"$(DERIVED_FILE_DIR)/Pods-Sports-AppTests-checkManifestLockResult.txt",
			);
			runOnlyForDeploymentPostprocessing = 0;
			shellPath = /bin/sh;
			shellScript = "diff \"${PODS_PODFILE_DIR_PATH}/Podfile.lock\" \"${PODS_ROOT}/Manifest.lock\" > /dev/null\nif [ $? != 0 ] ; then\n    # print error to STDERR\n    echo \"error: The sandbox is not in sync with the Podfile.lock. Run 'pod install' or update your CocoaPods installation.\" >&2\n    exit 1\nfi\n# This output is used by Xcode 'outputs' to avoid re-running this script phase.\necho \"SUCCESS\" > \"${SCRIPT_OUTPUT_FILE_0}\"\n";
			showEnvVarsInLog = 0;
		};
		575A4474F8AFCDE388F187C5 /* [CP] Embed Pods Frameworks */ = {
			isa = PBXShellScriptBuildPhase;
			buildActionMask = 2147483647;
			files = (
			);
			inputFileListPaths = (
				"${PODS_ROOT}/Target Support Files/Pods-Sports-App/Pods-Sports-App-frameworks-${CONFIGURATION}-input-files.xcfilelist",
			);
			name = "[CP] Embed Pods Frameworks";
			outputFileListPaths = (
				"${PODS_ROOT}/Target Support Files/Pods-Sports-App/Pods-Sports-App-frameworks-${CONFIGURATION}-output-files.xcfilelist",
			);
			runOnlyForDeploymentPostprocessing = 0;
			shellPath = /bin/sh;
			shellScript = "\"${PODS_ROOT}/Target Support Files/Pods-Sports-App/Pods-Sports-App-frameworks.sh\"\n";
			showEnvVarsInLog = 0;
		};
		DA995174963DED7F2878A840 /* [CP] Check Pods Manifest.lock */ = {
			isa = PBXShellScriptBuildPhase;
			buildActionMask = 2147483647;
			files = (
			);
			inputFileListPaths = (
			);
			inputPaths = (
				"${PODS_PODFILE_DIR_PATH}/Podfile.lock",
				"${PODS_ROOT}/Manifest.lock",
			);
			name = "[CP] Check Pods Manifest.lock";
			outputFileListPaths = (
			);
			outputPaths = (
				"$(DERIVED_FILE_DIR)/Pods-Sports-App-checkManifestLockResult.txt",
			);
			runOnlyForDeploymentPostprocessing = 0;
			shellPath = /bin/sh;
			shellScript = "diff \"${PODS_PODFILE_DIR_PATH}/Podfile.lock\" \"${PODS_ROOT}/Manifest.lock\" > /dev/null\nif [ $? != 0 ] ; then\n    # print error to STDERR\n    echo \"error: The sandbox is not in sync with the Podfile.lock. Run 'pod install' or update your CocoaPods installation.\" >&2\n    exit 1\nfi\n# This output is used by Xcode 'outputs' to avoid re-running this script phase.\necho \"SUCCESS\" > \"${SCRIPT_OUTPUT_FILE_0}\"\n";
			showEnvVarsInLog = 0;
		};
/* End PBXShellScriptBuildPhase section */

/* Begin PBXSourcesBuildPhase section */
		D917C495260FC470002A6F21 /* Sources */ = {
			isa = PBXSourcesBuildPhase;
			buildActionMask = 2147483647;
			files = (
				D9F55CC726100D0B00B03552 /* SportsModel.swift in Sources */,
				D91BD0C3261074530004D015 /* UpcommingCell.swift in Sources */,
				D91BD08C26105D030004D015 /* LeaguesViewController.swift in Sources */,
				D9126F4F26111824000C2EA7 /* AllTeamsResponse.swift in Sources */,
				D917C4A1260FC470002A6F21 /* HomeViewControllers.swift in Sources */,
				D9E375832615AA2B0028E61A /* WelcomeViewController.swift in Sources */,
				D91BD0A0261064F80004D015 /* LeaguesNetworking.swift in Sources */,
				D917C49D260FC470002A6F21 /* AppDelegate.swift in Sources */,
				D9126F3926111335000C2EA7 /* EventsResponse.swift in Sources */,
				D91BD09A261062350004D015 /* LeagueCell.swift in Sources */,
				D9F55CA52610090D00B03552 /* BaseURL.swift in Sources */,
				D9126F45261115D9000C2EA7 /* TeamsNetworking.swift in Sources */,
				D9126F1E26110618000C2EA7 /* TeamsCell.swift in Sources */,
				D91BD0BD261071DB0004D015 /* CustomUILabel.swift in Sources */,
				D91BD0A6261066900004D015 /* LeaguesAPI.swift in Sources */,
				D91BD0B926106E470004D015 /* LeaguesDetailsViewController.swift in Sources */,
				D917C4E8260FCCF2002A6F21 /* SportsCell.swift in Sources */,
				D9126F2326110E5E000C2EA7 /* LeaguesDetailsResponse.swift in Sources */,
				D9F55CB226100A5000B03552 /* ErrorMessage.swift in Sources */,
				D9F55CBD26100AED00B03552 /* SportsNetworking.swift in Sources */,
				D9F55CB826100A6A00B03552 /* ErrorResponse.swift in Sources */,
				D9F55CE926101CFC00B03552 /* UIImageView.swift in Sources */,
				D9F55CC326100CBB00B03552 /* SportsAPI.swift in Sources */,
				D9126F3E261113E9000C2EA7 /* EventsModel.swift in Sources */,
				D9F55CAD26100A0600B03552 /* TargetType.swift in Sources */,
				D96090592613D2CA001320DA /* FavouriteViewController.swift in Sources */,
				D9DE280D26119BFE00B5EC3F /* TeamDetailsViewController.swift in Sources */,
				D9F55CD52610129D00B03552 /* SportsViewModel.swift in Sources */,
				D91BD0B5261068730004D015 /* LeaguesViewModel.swift in Sources */,
				D917C4A7260FC470002A6F21 /* Sports_App.xcdatamodeld in Sources */,
				D9F55CD0261010B000B03552 /* SportsResponse.swift in Sources */,
				D9126F5E26111E2B000C2EA7 /* UpcommingEventsViewModel.swift in Sources */,
				D91BD0AF261067790004D015 /* LeaguesModel.swift in Sources */,
				D9126F35261112FA000C2EA7 /* EventsAPI.swift in Sources */,
				D9126F4B261117E3000C2EA7 /* TeamsAPI.swift in Sources */,
				D91BD0CC2610785C0004D015 /* ResultCell.swift in Sources */,
				D9DE28012611678800B5EC3F /* LastEventsViewModel.swift in Sources */,
				D91BD0AA261066DF0004D015 /* LeaguesResponse.swift in Sources */,
				D9126F2F26111142000C2EA7 /* EventssNetworking.swift in Sources */,
				D9126F2A26110F59000C2EA7 /* LeaguesDetailsModel.swift in Sources */,
				D9126F58261119BB000C2EA7 /* AllTemasModel.swift in Sources */,
				D9DE28052611712F00B5EC3F /* AllTeamsViewModel.swift in Sources */,
				D9F55C922610030C00B03552 /* UIColor.swift in Sources */,
				D9F55CA9261009C200B03552 /* BaseAPI.swift in Sources */,
				D9DE28092611881800B5EC3F /* YoutubeViewViewController.swift in Sources */,
				D9E3757E2615A8BA0028E61A /* WelcomCell.swift in Sources */,
			);
			runOnlyForDeploymentPostprocessing = 0;
		};
		D917C4BF260FC514002A6F21 /* Sources */ = {
			isa = PBXSourcesBuildPhase;
			buildActionMask = 2147483647;
			files = (
				D917C4C6260FC514002A6F21 /* Sports_AppTests.swift in Sources */,
				D917C4D0260FC52C002A6F21 /* HomeViewControllersTests.swift in Sources */,
			);
			runOnlyForDeploymentPostprocessing = 0;
		};
/* End PBXSourcesBuildPhase section */

/* Begin PBXTargetDependency section */
		D917C4C9260FC514002A6F21 /* PBXTargetDependency */ = {
			isa = PBXTargetDependency;
			target = D917C498260FC470002A6F21 /* Sports-App */;
			targetProxy = D917C4C8260FC514002A6F21 /* PBXContainerItemProxy */;
		};
/* End PBXTargetDependency section */

/* Begin PBXVariantGroup section */
		D917C4A2260FC470002A6F21 /* Main.storyboard */ = {
			isa = PBXVariantGroup;
			children = (
				D917C4A3260FC470002A6F21 /* Base */,
			);
			name = Main.storyboard;
			sourceTree = "<group>";
		};
		D917C4AA260FC471002A6F21 /* LaunchScreen.storyboard */ = {
			isa = PBXVariantGroup;
			children = (
				D917C4AB260FC471002A6F21 /* Base */,
			);
			name = LaunchScreen.storyboard;
			sourceTree = "<group>";
		};
/* End PBXVariantGroup section */

/* Begin XCBuildConfiguration section */
		D917C4AE260FC471002A6F21 /* Debug */ = {
			isa = XCBuildConfiguration;
			buildSettings = {
				ALWAYS_SEARCH_USER_PATHS = NO;
				CLANG_ANALYZER_NONNULL = YES;
				CLANG_ANALYZER_NUMBER_OBJECT_CONVERSION = YES_AGGRESSIVE;
				CLANG_CXX_LANGUAGE_STANDARD = "gnu++14";
				CLANG_CXX_LIBRARY = "libc++";
				CLANG_ENABLE_MODULES = YES;
				CLANG_ENABLE_OBJC_ARC = YES;
				CLANG_ENABLE_OBJC_WEAK = YES;
				CLANG_WARN_BLOCK_CAPTURE_AUTORELEASING = YES;
				CLANG_WARN_BOOL_CONVERSION = YES;
				CLANG_WARN_COMMA = YES;
				CLANG_WARN_CONSTANT_CONVERSION = YES;
				CLANG_WARN_DEPRECATED_OBJC_IMPLEMENTATIONS = YES;
				CLANG_WARN_DIRECT_OBJC_ISA_USAGE = YES_ERROR;
				CLANG_WARN_DOCUMENTATION_COMMENTS = YES;
				CLANG_WARN_EMPTY_BODY = YES;
				CLANG_WARN_ENUM_CONVERSION = YES;
				CLANG_WARN_INFINITE_RECURSION = YES;
				CLANG_WARN_INT_CONVERSION = YES;
				CLANG_WARN_NON_LITERAL_NULL_CONVERSION = YES;
				CLANG_WARN_OBJC_IMPLICIT_RETAIN_SELF = YES;
				CLANG_WARN_OBJC_LITERAL_CONVERSION = YES;
				CLANG_WARN_OBJC_ROOT_CLASS = YES_ERROR;
				CLANG_WARN_QUOTED_INCLUDE_IN_FRAMEWORK_HEADER = YES;
				CLANG_WARN_RANGE_LOOP_ANALYSIS = YES;
				CLANG_WARN_STRICT_PROTOTYPES = YES;
				CLANG_WARN_SUSPICIOUS_MOVE = YES;
				CLANG_WARN_UNGUARDED_AVAILABILITY = YES_AGGRESSIVE;
				CLANG_WARN_UNREACHABLE_CODE = YES;
				CLANG_WARN__DUPLICATE_METHOD_MATCH = YES;
				COPY_PHASE_STRIP = NO;
				DEBUG_INFORMATION_FORMAT = dwarf;
				ENABLE_STRICT_OBJC_MSGSEND = YES;
				ENABLE_TESTABILITY = YES;
				GCC_C_LANGUAGE_STANDARD = gnu11;
				GCC_DYNAMIC_NO_PIC = NO;
				GCC_NO_COMMON_BLOCKS = YES;
				GCC_OPTIMIZATION_LEVEL = 0;
				GCC_PREPROCESSOR_DEFINITIONS = (
					"DEBUG=1",
					"$(inherited)",
				);
				GCC_WARN_64_TO_32_BIT_CONVERSION = YES;
				GCC_WARN_ABOUT_RETURN_TYPE = YES_ERROR;
				GCC_WARN_UNDECLARED_SELECTOR = YES;
				GCC_WARN_UNINITIALIZED_AUTOS = YES_AGGRESSIVE;
				GCC_WARN_UNUSED_FUNCTION = YES;
				GCC_WARN_UNUSED_VARIABLE = YES;
				IPHONEOS_DEPLOYMENT_TARGET = 14.2;
				MTL_ENABLE_DEBUG_INFO = INCLUDE_SOURCE;
				MTL_FAST_MATH = YES;
				ONLY_ACTIVE_ARCH = YES;
				SDKROOT = iphoneos;
				SWIFT_ACTIVE_COMPILATION_CONDITIONS = DEBUG;
				SWIFT_OPTIMIZATION_LEVEL = "-Onone";
			};
			name = Debug;
		};
		D917C4AF260FC471002A6F21 /* Release */ = {
			isa = XCBuildConfiguration;
			buildSettings = {
				ALWAYS_SEARCH_USER_PATHS = NO;
				CLANG_ANALYZER_NONNULL = YES;
				CLANG_ANALYZER_NUMBER_OBJECT_CONVERSION = YES_AGGRESSIVE;
				CLANG_CXX_LANGUAGE_STANDARD = "gnu++14";
				CLANG_CXX_LIBRARY = "libc++";
				CLANG_ENABLE_MODULES = YES;
				CLANG_ENABLE_OBJC_ARC = YES;
				CLANG_ENABLE_OBJC_WEAK = YES;
				CLANG_WARN_BLOCK_CAPTURE_AUTORELEASING = YES;
				CLANG_WARN_BOOL_CONVERSION = YES;
				CLANG_WARN_COMMA = YES;
				CLANG_WARN_CONSTANT_CONVERSION = YES;
				CLANG_WARN_DEPRECATED_OBJC_IMPLEMENTATIONS = YES;
				CLANG_WARN_DIRECT_OBJC_ISA_USAGE = YES_ERROR;
				CLANG_WARN_DOCUMENTATION_COMMENTS = YES;
				CLANG_WARN_EMPTY_BODY = YES;
				CLANG_WARN_ENUM_CONVERSION = YES;
				CLANG_WARN_INFINITE_RECURSION = YES;
				CLANG_WARN_INT_CONVERSION = YES;
				CLANG_WARN_NON_LITERAL_NULL_CONVERSION = YES;
				CLANG_WARN_OBJC_IMPLICIT_RETAIN_SELF = YES;
				CLANG_WARN_OBJC_LITERAL_CONVERSION = YES;
				CLANG_WARN_OBJC_ROOT_CLASS = YES_ERROR;
				CLANG_WARN_QUOTED_INCLUDE_IN_FRAMEWORK_HEADER = YES;
				CLANG_WARN_RANGE_LOOP_ANALYSIS = YES;
				CLANG_WARN_STRICT_PROTOTYPES = YES;
				CLANG_WARN_SUSPICIOUS_MOVE = YES;
				CLANG_WARN_UNGUARDED_AVAILABILITY = YES_AGGRESSIVE;
				CLANG_WARN_UNREACHABLE_CODE = YES;
				CLANG_WARN__DUPLICATE_METHOD_MATCH = YES;
				COPY_PHASE_STRIP = NO;
				DEBUG_INFORMATION_FORMAT = "dwarf-with-dsym";
				ENABLE_NS_ASSERTIONS = NO;
				ENABLE_STRICT_OBJC_MSGSEND = YES;
				GCC_C_LANGUAGE_STANDARD = gnu11;
				GCC_NO_COMMON_BLOCKS = YES;
				GCC_WARN_64_TO_32_BIT_CONVERSION = YES;
				GCC_WARN_ABOUT_RETURN_TYPE = YES_ERROR;
				GCC_WARN_UNDECLARED_SELECTOR = YES;
				GCC_WARN_UNINITIALIZED_AUTOS = YES_AGGRESSIVE;
				GCC_WARN_UNUSED_FUNCTION = YES;
				GCC_WARN_UNUSED_VARIABLE = YES;
				IPHONEOS_DEPLOYMENT_TARGET = 14.2;
				MTL_ENABLE_DEBUG_INFO = NO;
				MTL_FAST_MATH = YES;
				SDKROOT = iphoneos;
				SWIFT_COMPILATION_MODE = wholemodule;
				SWIFT_OPTIMIZATION_LEVEL = "-O";
				VALIDATE_PRODUCT = YES;
			};
			name = Release;
		};
		D917C4B1260FC471002A6F21 /* Debug */ = {
			isa = XCBuildConfiguration;
			baseConfigurationReference = 22A27DE5B4D27D1FAF6921DC /* Pods-Sports-App.debug.xcconfig */;
			buildSettings = {
				ASSETCATALOG_COMPILER_APPICON_NAME = AppIcon;
				ASSETCATALOG_COMPILER_GLOBAL_ACCENT_COLOR_NAME = AccentColor;
				CODE_SIGN_STYLE = Automatic;
				DEVELOPMENT_TEAM = X4YZSY77G5;
				INFOPLIST_FILE = "$(SRCROOT)/Sports-App/Resources/Info.plist";
				IPHONEOS_DEPLOYMENT_TARGET = 12.0;
				LD_RUNPATH_SEARCH_PATHS = (
					"$(inherited)",
					"@executable_path/Frameworks",
				);
				PRODUCT_BUNDLE_IDENTIFIER = "com.myorganization199.Sports-App";
				PRODUCT_NAME = "$(TARGET_NAME)";
				SWIFT_VERSION = 5.0;
				TARGETED_DEVICE_FAMILY = 1;
			};
			name = Debug;
		};
		D917C4B2260FC471002A6F21 /* Release */ = {
			isa = XCBuildConfiguration;
			baseConfigurationReference = 3CABC5E6AAA715EEB5876503 /* Pods-Sports-App.release.xcconfig */;
			buildSettings = {
				ASSETCATALOG_COMPILER_APPICON_NAME = AppIcon;
				ASSETCATALOG_COMPILER_GLOBAL_ACCENT_COLOR_NAME = AccentColor;
				CODE_SIGN_STYLE = Automatic;
				DEVELOPMENT_TEAM = X4YZSY77G5;
				INFOPLIST_FILE = "$(SRCROOT)/Sports-App/Resources/Info.plist";
				IPHONEOS_DEPLOYMENT_TARGET = 12.0;
				LD_RUNPATH_SEARCH_PATHS = (
					"$(inherited)",
					"@executable_path/Frameworks",
				);
				PRODUCT_BUNDLE_IDENTIFIER = "com.myorganization199.Sports-App";
				PRODUCT_NAME = "$(TARGET_NAME)";
				SWIFT_VERSION = 5.0;
				TARGETED_DEVICE_FAMILY = 1;
			};
			name = Release;
		};
		D917C4CB260FC514002A6F21 /* Debug */ = {
			isa = XCBuildConfiguration;
			baseConfigurationReference = FDE604A4A78A08B57D518F3A /* Pods-Sports-AppTests.debug.xcconfig */;
			buildSettings = {
				BUNDLE_LOADER = "$(TEST_HOST)";
				CODE_SIGN_STYLE = Automatic;
				DEVELOPMENT_TEAM = X4YZSY77G5;
				INFOPLIST_FILE = "Sports-AppTests/Info.plist";
				LD_RUNPATH_SEARCH_PATHS = (
					"$(inherited)",
					"@executable_path/Frameworks",
					"@loader_path/Frameworks",
				);
				PRODUCT_BUNDLE_IDENTIFIER = "com.myorganization199.Sports-AppTests";
				PRODUCT_NAME = "$(TARGET_NAME)";
				SWIFT_VERSION = 5.0;
				TARGETED_DEVICE_FAMILY = "1,2";
				TEST_HOST = "$(BUILT_PRODUCTS_DIR)/Sports-App.app/Sports-App";
			};
			name = Debug;
		};
		D917C4CC260FC514002A6F21 /* Release */ = {
			isa = XCBuildConfiguration;
			baseConfigurationReference = D7A255053363D7BAD1FE5953 /* Pods-Sports-AppTests.release.xcconfig */;
			buildSettings = {
				BUNDLE_LOADER = "$(TEST_HOST)";
				CODE_SIGN_STYLE = Automatic;
				DEVELOPMENT_TEAM = X4YZSY77G5;
				INFOPLIST_FILE = "Sports-AppTests/Info.plist";
				LD_RUNPATH_SEARCH_PATHS = (
					"$(inherited)",
					"@executable_path/Frameworks",
					"@loader_path/Frameworks",
				);
				PRODUCT_BUNDLE_IDENTIFIER = "com.myorganization199.Sports-AppTests";
				PRODUCT_NAME = "$(TARGET_NAME)";
				SWIFT_VERSION = 5.0;
				TARGETED_DEVICE_FAMILY = "1,2";
				TEST_HOST = "$(BUILT_PRODUCTS_DIR)/Sports-App.app/Sports-App";
			};
			name = Release;
		};
/* End XCBuildConfiguration section */

/* Begin XCConfigurationList section */
		D917C494260FC470002A6F21 /* Build configuration list for PBXProject "Sports-App" */ = {
			isa = XCConfigurationList;
			buildConfigurations = (
				D917C4AE260FC471002A6F21 /* Debug */,
				D917C4AF260FC471002A6F21 /* Release */,
			);
			defaultConfigurationIsVisible = 0;
			defaultConfigurationName = Release;
		};
		D917C4B0260FC471002A6F21 /* Build configuration list for PBXNativeTarget "Sports-App" */ = {
			isa = XCConfigurationList;
			buildConfigurations = (
				D917C4B1260FC471002A6F21 /* Debug */,
				D917C4B2260FC471002A6F21 /* Release */,
			);
			defaultConfigurationIsVisible = 0;
			defaultConfigurationName = Release;
		};
		D917C4CA260FC514002A6F21 /* Build configuration list for PBXNativeTarget "Sports-AppTests" */ = {
			isa = XCConfigurationList;
			buildConfigurations = (
				D917C4CB260FC514002A6F21 /* Debug */,
				D917C4CC260FC514002A6F21 /* Release */,
			);
			defaultConfigurationIsVisible = 0;
			defaultConfigurationName = Release;
		};
/* End XCConfigurationList section */

/* Begin XCVersionGroup section */
		D917C4A5260FC470002A6F21 /* Sports_App.xcdatamodeld */ = {
			isa = XCVersionGroup;
			children = (
				D917C4A6260FC470002A6F21 /* Sports_App.xcdatamodel */,
			);
			currentVersion = D917C4A6260FC470002A6F21 /* Sports_App.xcdatamodel */;
			path = Sports_App.xcdatamodeld;
			sourceTree = "<group>";
			versionGroupType = wrapper.xcdatamodel;
		};
/* End XCVersionGroup section */
	};
	rootObject = D917C491260FC470002A6F21 /* Project object */;
}
