// !$*UTF8*$!
{
	archiveVersion = 1;
	classes = {
	};
	objectVersion = 50;
	objects = {

/* Begin PBXBuildFile section */
		0457639007C3BDC7B1BDCF80 /* Pods_Sports_App.framework in Frameworks */ = {isa = PBXBuildFile; fileRef = 55897958D559338DAC2C497A /* Pods_Sports_App.framework */; };
		70C45B27AD83967EB3BA17D3 /* Pods_Sports_AppTests.framework in Frameworks */ = {isa = PBXBuildFile; fileRef = C501FDF610954E347507FAB8 /* Pods_Sports_AppTests.framework */; };
		D917C49D260FC470002A6F21 /* AppDelegate.swift in Sources */ = {isa = PBXBuildFile; fileRef = D917C49C260FC470002A6F21 /* AppDelegate.swift */; };
		D917C4A1260FC470002A6F21 /* HomeViewControllers.swift in Sources */ = {isa = PBXBuildFile; fileRef = D917C4A0260FC470002A6F21 /* HomeViewControllers.swift */; };
		D917C4A4260FC470002A6F21 /* Main.storyboard in Resources */ = {isa = PBXBuildFile; fileRef = D917C4A2260FC470002A6F21 /* Main.storyboard */; };
		D917C4A7260FC470002A6F21 /* Sports_App.xcdatamodeld in Sources */ = {isa = PBXBuildFile; fileRef = D917C4A5260FC470002A6F21 /* Sports_App.xcdatamodeld */; };
		D917C4A9260FC471002A6F21 /* Assets.xcassets in Resources */ = {isa = PBXBuildFile; fileRef = D917C4A8260FC471002A6F21 /* Assets.xcassets */; };
		D917C4AC260FC471002A6F21 /* LaunchScreen.storyboard in Resources */ = {isa = PBXBuildFile; fileRef = D917C4AA260FC471002A6F21 /* LaunchScreen.storyboard */; };
		D917C4C6260FC514002A6F21 /* Sports_AppTests.swift in Sources */ = {isa = PBXBuildFile; fileRef = D917C4C5260FC514002A6F21 /* Sports_AppTests.swift */; };
		D917C4D0260FC52C002A6F21 /* HomeViewControllersTests.swift in Sources */ = {isa = PBXBuildFile; fileRef = D917C4CF260FC52C002A6F21 /* HomeViewControllersTests.swift */; };
/* End PBXBuildFile section */

/* Begin PBXContainerItemProxy section */
		D917C4C8260FC514002A6F21 /* PBXContainerItemProxy */ = {
			isa = PBXContainerItemProxy;
			containerPortal = D917C491260FC470002A6F21 /* Project object */;
			proxyType = 1;
			remoteGlobalIDString = D917C498260FC470002A6F21;
			remoteInfo = "Sports-App";
		};
/* End PBXContainerItemProxy section */

/* Begin PBXFileReference section */
		22A27DE5B4D27D1FAF6921DC /* Pods-Sports-App.debug.xcconfig */ = {isa = PBXFileReference; includeInIndex = 1; lastKnownFileType = text.xcconfig; name = "Pods-Sports-App.debug.xcconfig"; path = "Target Support Files/Pods-Sports-App/Pods-Sports-App.debug.xcconfig"; sourceTree = "<group>"; };
		3CABC5E6AAA715EEB5876503 /* Pods-Sports-App.release.xcconfig */ = {isa = PBXFileReference; includeInIndex = 1; lastKnownFileType = text.xcconfig; name = "Pods-Sports-App.release.xcconfig"; path = "Target Support Files/Pods-Sports-App/Pods-Sports-App.release.xcconfig"; sourceTree = "<group>"; };
		55897958D559338DAC2C497A /* Pods_Sports_App.framework */ = {isa = PBXFileReference; explicitFileType = wrapper.framework; includeInIndex = 0; path = Pods_Sports_App.framework; sourceTree = BUILT_PRODUCTS_DIR; };
		C501FDF610954E347507FAB8 /* Pods_Sports_AppTests.framework */ = {isa = PBXFileReference; explicitFileType = wrapper.framework; includeInIndex = 0; path = Pods_Sports_AppTests.framework; sourceTree = BUILT_PRODUCTS_DIR; };
		D7A255053363D7BAD1FE5953 /* Pods-Sports-AppTests.release.xcconfig */ = {isa = PBXFileReference; includeInIndex = 1; lastKnownFileType = text.xcconfig; name = "Pods-Sports-AppTests.release.xcconfig"; path = "Target Support Files/Pods-Sports-AppTests/Pods-Sports-AppTests.release.xcconfig"; sourceTree = "<group>"; };
		D917C499260FC470002A6F21 /* Sports-App.app */ = {isa = PBXFileReference; explicitFileType = wrapper.application; includeInIndex = 0; path = "Sports-App.app"; sourceTree = BUILT_PRODUCTS_DIR; };
		D917C49C260FC470002A6F21 /* AppDelegate.swift */ = {isa = PBXFileReference; lastKnownFileType = sourcecode.swift; path = AppDelegate.swift; sourceTree = "<group>"; };
		D917C4A0260FC470002A6F21 /* HomeViewControllers.swift */ = {isa = PBXFileReference; lastKnownFileType = sourcecode.swift; path = HomeViewControllers.swift; sourceTree = "<group>"; };
		D917C4A3260FC470002A6F21 /* Base */ = {isa = PBXFileReference; lastKnownFileType = file.storyboard; name = Base; path = Base.lproj/Main.storyboard; sourceTree = "<group>"; };
		D917C4A6260FC470002A6F21 /* Sports_App.xcdatamodel */ = {isa = PBXFileReference; lastKnownFileType = wrapper.xcdatamodel; path = Sports_App.xcdatamodel; sourceTree = "<group>"; };
		D917C4A8260FC471002A6F21 /* Assets.xcassets */ = {isa = PBXFileReference; lastKnownFileType = folder.assetcatalog; path = Assets.xcassets; sourceTree = "<group>"; };
		D917C4AB260FC471002A6F21 /* Base */ = {isa = PBXFileReference; lastKnownFileType = file.storyboard; name = Base; path = Base.lproj/LaunchScreen.storyboard; sourceTree = "<group>"; };
		D917C4AD260FC471002A6F21 /* Info.plist */ = {isa = PBXFileReference; lastKnownFileType = text.plist.xml; path = Info.plist; sourceTree = "<group>"; };
		D917C4C3260FC514002A6F21 /* Sports-AppTests.xctest */ = {isa = PBXFileReference; explicitFileType = wrapper.cfbundle; includeInIndex = 0; path = "Sports-AppTests.xctest"; sourceTree = BUILT_PRODUCTS_DIR; };
		D917C4C5260FC514002A6F21 /* Sports_AppTests.swift */ = {isa = PBXFileReference; lastKnownFileType = sourcecode.swift; path = Sports_AppTests.swift; sourceTree = "<group>"; };
		D917C4C7260FC514002A6F21 /* Info.plist */ = {isa = PBXFileReference; lastKnownFileType = text.plist.xml; path = Info.plist; sourceTree = "<group>"; };
		D917C4CF260FC52C002A6F21 /* HomeViewControllersTests.swift */ = {isa = PBXFileReference; lastKnownFileType = sourcecode.swift; path = HomeViewControllersTests.swift; sourceTree = "<group>"; };
		FDE604A4A78A08B57D518F3A /* Pods-Sports-AppTests.debug.xcconfig */ = {isa = PBXFileReference; includeInIndex = 1; lastKnownFileType = text.xcconfig; name = "Pods-Sports-AppTests.debug.xcconfig"; path = "Target Support Files/Pods-Sports-AppTests/Pods-Sports-AppTests.debug.xcconfig"; sourceTree = "<group>"; };
/* End PBXFileReference section */

/* Begin PBXFrameworksBuildPhase section */
		D917C496260FC470002A6F21 /* Frameworks */ = {
			isa = PBXFrameworksBuildPhase;
			buildActionMask = 2147483647;
			files = (
				0457639007C3BDC7B1BDCF80 /* Pods_Sports_App.framework in Frameworks */,
			);
			runOnlyForDeploymentPostprocessing = 0;
		};
		D917C4C0260FC514002A6F21 /* Frameworks */ = {
			isa = PBXFrameworksBuildPhase;
			buildActionMask = 2147483647;
			files = (
				70C45B27AD83967EB3BA17D3 /* Pods_Sports_AppTests.framework in Frameworks */,
			);
			runOnlyForDeploymentPostprocessing = 0;
		};
/* End PBXFrameworksBuildPhase section */

/* Begin PBXGroup section */
		36BA932171ACFFF6A2AE0E19 /* Pods */ = {
			isa = PBXGroup;
			children = (
				22A27DE5B4D27D1FAF6921DC /* Pods-Sports-App.debug.xcconfig */,
				3CABC5E6AAA715EEB5876503 /* Pods-Sports-App.release.xcconfig */,
				FDE604A4A78A08B57D518F3A /* Pods-Sports-AppTests.debug.xcconfig */,
				D7A255053363D7BAD1FE5953 /* Pods-Sports-AppTests.release.xcconfig */,
			);
			name = Pods;
			path = Pods;
			sourceTree = "<group>";
		};
		D917C490260FC470002A6F21 = {
			isa = PBXGroup;
			children = (
				D917C49B260FC470002A6F21 /* Sports-App */,
				D917C4C4260FC514002A6F21 /* Sports-AppTests */,
				D917C49A260FC470002A6F21 /* Products */,
				36BA932171ACFFF6A2AE0E19 /* Pods */,
				E72FBD577CBA34F81F9EBFD2 /* Frameworks */,
			);
			sourceTree = "<group>";
		};
		D917C49A260FC470002A6F21 /* Products */ = {
			isa = PBXGroup;
			children = (
				D917C499260FC470002A6F21 /* Sports-App.app */,
				D917C4C3260FC514002A6F21 /* Sports-AppTests.xctest */,
			);
			name = Products;
			sourceTree = "<group>";
		};
		D917C49B260FC470002A6F21 /* Sports-App */ = {
			isa = PBXGroup;
			children = (
				D917C4B6260FC4C0002A6F21 /* AppDelegate */,
				D917C4B8260FC4C9002A6F21 /* Controllers */,
				D917C4BA260FC4D2002A6F21 /* Views */,
				D917C4BB260FC4DB002A6F21 /* Resources */,
			);
			path = "Sports-App";
			sourceTree = "<group>";
		};
		D917C4B6260FC4C0002A6F21 /* AppDelegate */ = {
			isa = PBXGroup;
			children = (
				D917C49C260FC470002A6F21 /* AppDelegate.swift */,
			);
			path = AppDelegate;
			sourceTree = "<group>";
		};
		D917C4B8260FC4C9002A6F21 /* Controllers */ = {
			isa = PBXGroup;
			children = (
				D917C4A0260FC470002A6F21 /* HomeViewControllers.swift */,
			);
			path = Controllers;
			sourceTree = "<group>";
		};
		D917C4BA260FC4D2002A6F21 /* Views */ = {
			isa = PBXGroup;
			children = (
				D917C4A2260FC470002A6F21 /* Main.storyboard */,
				D917C4AA260FC471002A6F21 /* LaunchScreen.storyboard */,
			);
			path = Views;
			sourceTree = "<group>";
		};
		D917C4BB260FC4DB002A6F21 /* Resources */ = {
			isa = PBXGroup;
			children = (
				D917C4A8260FC471002A6F21 /* Assets.xcassets */,
				D917C4AD260FC471002A6F21 /* Info.plist */,
				D917C4A5260FC470002A6F21 /* Sports_App.xcdatamodeld */,
			);
			path = Resources;
			sourceTree = "<group>";
		};
		D917C4C4260FC514002A6F21 /* Sports-AppTests */ = {
			isa = PBXGroup;
			children = (
				D917C4C5260FC514002A6F21 /* Sports_AppTests.swift */,
				D917C4CF260FC52C002A6F21 /* HomeViewControllersTests.swift */,
				D917C4C7260FC514002A6F21 /* Info.plist */,
			);
			path = "Sports-AppTests";
			sourceTree = "<group>";
		};
		E72FBD577CBA34F81F9EBFD2 /* Frameworks */ = {
			isa = PBXGroup;
			children = (
				55897958D559338DAC2C497A /* Pods_Sports_App.framework */,
				C501FDF610954E347507FAB8 /* Pods_Sports_AppTests.framework */,
			);
			name = Frameworks;
			sourceTree = "<group>";
		};
/* End PBXGroup section */

/* Begin PBXNativeTarget section */
		D917C498260FC470002A6F21 /* Sports-App */ = {
			isa = PBXNativeTarget;
			buildConfigurationList = D917C4B0260FC471002A6F21 /* Build configuration list for PBXNativeTarget "Sports-App" */;
			buildPhases = (
				DA995174963DED7F2878A840 /* [CP] Check Pods Manifest.lock */,
				D917C495260FC470002A6F21 /* Sources */,
				D917C496260FC470002A6F21 /* Frameworks */,
				D917C497260FC470002A6F21 /* Resources */,
				575A4474F8AFCDE388F187C5 /* [CP] Embed Pods Frameworks */,
			);
			buildRules = (
			);
			dependencies = (
			);
			name = "Sports-App";
			productName = "Sports-App";
			productReference = D917C499260FC470002A6F21 /* Sports-App.app */;
			productType = "com.apple.product-type.application";
		};
		D917C4C2260FC514002A6F21 /* Sports-AppTests */ = {
			isa = PBXNativeTarget;
			buildConfigurationList = D917C4CA260FC514002A6F21 /* Build configuration list for PBXNativeTarget "Sports-AppTests" */;
			buildPhases = (
				48436F3D0DED7A0CF69BC2DA /* [CP] Check Pods Manifest.lock */,
				D917C4BF260FC514002A6F21 /* Sources */,
				D917C4C0260FC514002A6F21 /* Frameworks */,
				D917C4C1260FC514002A6F21 /* Resources */,
			);
			buildRules = (
			);
			dependencies = (
				D917C4C9260FC514002A6F21 /* PBXTargetDependency */,
			);
			name = "Sports-AppTests";
			productName = "Sports-AppTests";
			productReference = D917C4C3260FC514002A6F21 /* Sports-AppTests.xctest */;
			productType = "com.apple.product-type.bundle.unit-test";
		};
/* End PBXNativeTarget section */

/* Begin PBXProject section */
		D917C491260FC470002A6F21 /* Project object */ = {
			isa = PBXProject;
			attributes = {
				LastSwiftUpdateCheck = 1220;
				LastUpgradeCheck = 1220;
				TargetAttributes = {
					D917C498260FC470002A6F21 = {
						CreatedOnToolsVersion = 12.2;
					};
					D917C4C2260FC514002A6F21 = {
						CreatedOnToolsVersion = 12.2;
						TestTargetID = D917C498260FC470002A6F21;
					};
				};
			};
			buildConfigurationList = D917C494260FC470002A6F21 /* Build configuration list for PBXProject "Sports-App" */;
			compatibilityVersion = "Xcode 9.3";
			developmentRegion = en;
			hasScannedForEncodings = 0;
			knownRegions = (
				en,
				Base,
			);
			mainGroup = D917C490260FC470002A6F21;
			productRefGroup = D917C49A260FC470002A6F21 /* Products */;
			projectDirPath = "";
			projectRoot = "";
			targets = (
				D917C498260FC470002A6F21 /* Sports-App */,
				D917C4C2260FC514002A6F21 /* Sports-AppTests */,
			);
		};
/* End PBXProject section */

/* Begin PBXResourcesBuildPhase section */
		D917C497260FC470002A6F21 /* Resources */ = {
			isa = PBXResourcesBuildPhase;
			buildActionMask = 2147483647;
			files = (
				D917C4AC260FC471002A6F21 /* LaunchScreen.storyboard in Resources */,
				D917C4A9260FC471002A6F21 /* Assets.xcassets in Resources */,
				D917C4A4260FC470002A6F21 /* Main.storyboard in Resources */,
			);
			runOnlyForDeploymentPostprocessing = 0;
		};
		D917C4C1260FC514002A6F21 /* Resources */ = {
			isa = PBXResourcesBuildPhase;
			buildActionMask = 2147483647;
			files = (
			);
			runOnlyForDeploymentPostprocessing = 0;
		};
/* End PBXResourcesBuildPhase section */

/* Begin PBXShellScriptBuildPhase section */
		48436F3D0DED7A0CF69BC2DA /* [CP] Check Pods Manifest.lock */ = {
			isa = PBXShellScriptBuildPhase;
			buildActionMask = 2147483647;
			files = (
			);
			inputFileListPaths = (
			);
			inputPaths = (
				"${PODS_PODFILE_DIR_PATH}/Podfile.lock",
				"${PODS_ROOT}/Manifest.lock",
			);
			name = "[CP] Check Pods Manifest.lock";
			outputFileListPaths = (
			);
			outputPaths = (
				"$(DERIVED_FILE_DIR)/Pods-Sports-AppTests-checkManifestLockResult.txt",
			);
			runOnlyForDeploymentPostprocessing = 0;
			shellPath = /bin/sh;
			shellScript = "diff \"${PODS_PODFILE_DIR_PATH}/Podfile.lock\" \"${PODS_ROOT}/Manifest.lock\" > /dev/null\nif [ $? != 0 ] ; then\n    # print error to STDERR\n    echo \"error: The sandbox is not in sync with the Podfile.lock. Run 'pod install' or update your CocoaPods installation.\" >&2\n    exit 1\nfi\n# This output is used by Xcode 'outputs' to avoid re-running this script phase.\necho \"SUCCESS\" > \"${SCRIPT_OUTPUT_FILE_0}\"\n";
			showEnvVarsInLog = 0;
		};
		575A4474F8AFCDE388F187C5 /* [CP] Embed Pods Frameworks */ = {
			isa = PBXShellScriptBuildPhase;
			buildActionMask = 2147483647;
			files = (
			);
			inputFileListPaths = (
				"${PODS_ROOT}/Target Support Files/Pods-Sports-App/Pods-Sports-App-frameworks-${CONFIGURATION}-input-files.xcfilelist",
			);
			name = "[CP] Embed Pods Frameworks";
			outputFileListPaths = (
				"${PODS_ROOT}/Target Support Files/Pods-Sports-App/Pods-Sports-App-frameworks-${CONFIGURATION}-output-files.xcfilelist",
			);
			runOnlyForDeploymentPostprocessing = 0;
			shellPath = /bin/sh;
			shellScript = "\"${PODS_ROOT}/Target Support Files/Pods-Sports-App/Pods-Sports-App-frameworks.sh\"\n";
			showEnvVarsInLog = 0;
		};
		DA995174963DED7F2878A840 /* [CP] Check Pods Manifest.lock */ = {
			isa = PBXShellScriptBuildPhase;
			buildActionMask = 2147483647;
			files = (
			);
			inputFileListPaths = (
			);
			inputPaths = (
				"${PODS_PODFILE_DIR_PATH}/Podfile.lock",
				"${PODS_ROOT}/Manifest.lock",
			);
			name = "[CP] Check Pods Manifest.lock";
			outputFileListPaths = (
			);
			outputPaths = (
				"$(DERIVED_FILE_DIR)/Pods-Sports-App-checkManifestLockResult.txt",
			);
			runOnlyForDeploymentPostprocessing = 0;
			shellPath = /bin/sh;
			shellScript = "diff \"${PODS_PODFILE_DIR_PATH}/Podfile.lock\" \"${PODS_ROOT}/Manifest.lock\" > /dev/null\nif [ $? != 0 ] ; then\n    # print error to STDERR\n    echo \"error: The sandbox is not in sync with the Podfile.lock. Run 'pod install' or update your CocoaPods installation.\" >&2\n    exit 1\nfi\n# This output is used by Xcode 'outputs' to avoid re-running this script phase.\necho \"SUCCESS\" > \"${SCRIPT_OUTPUT_FILE_0}\"\n";
			showEnvVarsInLog = 0;
		};
/* End PBXShellScriptBuildPhase section */

/* Begin PBXSourcesBuildPhase section */
		D917C495260FC470002A6F21 /* Sources */ = {
			isa = PBXSourcesBuildPhase;
			buildActionMask = 2147483647;
			files = (
				D917C4A1260FC470002A6F21 /* HomeViewControllers.swift in Sources */,
				D917C49D260FC470002A6F21 /* AppDelegate.swift in Sources */,
				D917C4A7260FC470002A6F21 /* Sports_App.xcdatamodeld in Sources */,
			);
			runOnlyForDeploymentPostprocessing = 0;
		};
		D917C4BF260FC514002A6F21 /* Sources */ = {
			isa = PBXSourcesBuildPhase;
			buildActionMask = 2147483647;
			files = (
				D917C4C6260FC514002A6F21 /* Sports_AppTests.swift in Sources */,
				D917C4D0260FC52C002A6F21 /* HomeViewControllersTests.swift in Sources */,
			);
			runOnlyForDeploymentPostprocessing = 0;
		};
/* End PBXSourcesBuildPhase section */

/* Begin PBXTargetDependency section */
		D917C4C9260FC514002A6F21 /* PBXTargetDependency */ = {
			isa = PBXTargetDependency;
			target = D917C498260FC470002A6F21 /* Sports-App */;
			targetProxy = D917C4C8260FC514002A6F21 /* PBXContainerItemProxy */;
		};
/* End PBXTargetDependency section */

/* Begin PBXVariantGroup section */
		D917C4A2260FC470002A6F21 /* Main.storyboard */ = {
			isa = PBXVariantGroup;
			children = (
				D917C4A3260FC470002A6F21 /* Base */,
			);
			name = Main.storyboard;
			sourceTree = "<group>";
		};
		D917C4AA260FC471002A6F21 /* LaunchScreen.storyboard */ = {
			isa = PBXVariantGroup;
			children = (
				D917C4AB260FC471002A6F21 /* Base */,
			);
			name = LaunchScreen.storyboard;
			sourceTree = "<group>";
		};
/* End PBXVariantGroup section */

/* Begin XCBuildConfiguration section */
		D917C4AE260FC471002A6F21 /* Debug */ = {
			isa = XCBuildConfiguration;
			buildSettings = {
				ALWAYS_SEARCH_USER_PATHS = NO;
				CLANG_ANALYZER_NONNULL = YES;
				CLANG_ANALYZER_NUMBER_OBJECT_CONVERSION = YES_AGGRESSIVE;
				CLANG_CXX_LANGUAGE_STANDARD = "gnu++14";
				CLANG_CXX_LIBRARY = "libc++";
				CLANG_ENABLE_MODULES = YES;
				CLANG_ENABLE_OBJC_ARC = YES;
				CLANG_ENABLE_OBJC_WEAK = YES;
				CLANG_WARN_BLOCK_CAPTURE_AUTORELEASING = YES;
				CLANG_WARN_BOOL_CONVERSION = YES;
				CLANG_WARN_COMMA = YES;
				CLANG_WARN_CONSTANT_CONVERSION = YES;
				CLANG_WARN_DEPRECATED_OBJC_IMPLEMENTATIONS = YES;
				CLANG_WARN_DIRECT_OBJC_ISA_USAGE = YES_ERROR;
				CLANG_WARN_DOCUMENTATION_COMMENTS = YES;
				CLANG_WARN_EMPTY_BODY = YES;
				CLANG_WARN_ENUM_CONVERSION = YES;
				CLANG_WARN_INFINITE_RECURSION = YES;
				CLANG_WARN_INT_CONVERSION = YES;
				CLANG_WARN_NON_LITERAL_NULL_CONVERSION = YES;
				CLANG_WARN_OBJC_IMPLICIT_RETAIN_SELF = YES;
				CLANG_WARN_OBJC_LITERAL_CONVERSION = YES;
				CLANG_WARN_OBJC_ROOT_CLASS = YES_ERROR;
				CLANG_WARN_QUOTED_INCLUDE_IN_FRAMEWORK_HEADER = YES;
				CLANG_WARN_RANGE_LOOP_ANALYSIS = YES;
				CLANG_WARN_STRICT_PROTOTYPES = YES;
				CLANG_WARN_SUSPICIOUS_MOVE = YES;
				CLANG_WARN_UNGUARDED_AVAILABILITY = YES_AGGRESSIVE;
				CLANG_WARN_UNREACHABLE_CODE = YES;
				CLANG_WARN__DUPLICATE_METHOD_MATCH = YES;
				COPY_PHASE_STRIP = NO;
				DEBUG_INFORMATION_FORMAT = dwarf;
				ENABLE_STRICT_OBJC_MSGSEND = YES;
				ENABLE_TESTABILITY = YES;
				GCC_C_LANGUAGE_STANDARD = gnu11;
				GCC_DYNAMIC_NO_PIC = NO;
				GCC_NO_COMMON_BLOCKS = YES;
				GCC_OPTIMIZATION_LEVEL = 0;
				GCC_PREPROCESSOR_DEFINITIONS = (
					"DEBUG=1",
					"$(inherited)",
				);
				GCC_WARN_64_TO_32_BIT_CONVERSION = YES;
				GCC_WARN_ABOUT_RETURN_TYPE = YES_ERROR;
				GCC_WARN_UNDECLARED_SELECTOR = YES;
				GCC_WARN_UNINITIALIZED_AUTOS = YES_AGGRESSIVE;
				GCC_WARN_UNUSED_FUNCTION = YES;
				GCC_WARN_UNUSED_VARIABLE = YES;
				IPHONEOS_DEPLOYMENT_TARGET = 14.2;
				MTL_ENABLE_DEBUG_INFO = INCLUDE_SOURCE;
				MTL_FAST_MATH = YES;
				ONLY_ACTIVE_ARCH = YES;
				SDKROOT = iphoneos;
				SWIFT_ACTIVE_COMPILATION_CONDITIONS = DEBUG;
				SWIFT_OPTIMIZATION_LEVEL = "-Onone";
			};
			name = Debug;
		};
		D917C4AF260FC471002A6F21 /* Release */ = {
			isa = XCBuildConfiguration;
			buildSettings = {
				ALWAYS_SEARCH_USER_PATHS = NO;
				CLANG_ANALYZER_NONNULL = YES;
				CLANG_ANALYZER_NUMBER_OBJECT_CONVERSION = YES_AGGRESSIVE;
				CLANG_CXX_LANGUAGE_STANDARD = "gnu++14";
				CLANG_CXX_LIBRARY = "libc++";
				CLANG_ENABLE_MODULES = YES;
				CLANG_ENABLE_OBJC_ARC = YES;
				CLANG_ENABLE_OBJC_WEAK = YES;
				CLANG_WARN_BLOCK_CAPTURE_AUTORELEASING = YES;
				CLANG_WARN_BOOL_CONVERSION = YES;
				CLANG_WARN_COMMA = YES;
				CLANG_WARN_CONSTANT_CONVERSION = YES;
				CLANG_WARN_DEPRECATED_OBJC_IMPLEMENTATIONS = YES;
				CLANG_WARN_DIRECT_OBJC_ISA_USAGE = YES_ERROR;
				CLANG_WARN_DOCUMENTATION_COMMENTS = YES;
				CLANG_WARN_EMPTY_BODY = YES;
				CLANG_WARN_ENUM_CONVERSION = YES;
				CLANG_WARN_INFINITE_RECURSION = YES;
				CLANG_WARN_INT_CONVERSION = YES;
				CLANG_WARN_NON_LITERAL_NULL_CONVERSION = YES;
				CLANG_WARN_OBJC_IMPLICIT_RETAIN_SELF = YES;
				CLANG_WARN_OBJC_LITERAL_CONVERSION = YES;
				CLANG_WARN_OBJC_ROOT_CLASS = YES_ERROR;
				CLANG_WARN_QUOTED_INCLUDE_IN_FRAMEWORK_HEADER = YES;
				CLANG_WARN_RANGE_LOOP_ANALYSIS = YES;
				CLANG_WARN_STRICT_PROTOTYPES = YES;
				CLANG_WARN_SUSPICIOUS_MOVE = YES;
				CLANG_WARN_UNGUARDED_AVAILABILITY = YES_AGGRESSIVE;
				CLANG_WARN_UNREACHABLE_CODE = YES;
				CLANG_WARN__DUPLICATE_METHOD_MATCH = YES;
				COPY_PHASE_STRIP = NO;
				DEBUG_INFORMATION_FORMAT = "dwarf-with-dsym";
				ENABLE_NS_ASSERTIONS = NO;
				ENABLE_STRICT_OBJC_MSGSEND = YES;
				GCC_C_LANGUAGE_STANDARD = gnu11;
				GCC_NO_COMMON_BLOCKS = YES;
				GCC_WARN_64_TO_32_BIT_CONVERSION = YES;
				GCC_WARN_ABOUT_RETURN_TYPE = YES_ERROR;
				GCC_WARN_UNDECLARED_SELECTOR = YES;
				GCC_WARN_UNINITIALIZED_AUTOS = YES_AGGRESSIVE;
				GCC_WARN_UNUSED_FUNCTION = YES;
				GCC_WARN_UNUSED_VARIABLE = YES;
				IPHONEOS_DEPLOYMENT_TARGET = 14.2;
				MTL_ENABLE_DEBUG_INFO = NO;
				MTL_FAST_MATH = YES;
				SDKROOT = iphoneos;
				SWIFT_COMPILATION_MODE = wholemodule;
				SWIFT_OPTIMIZATION_LEVEL = "-O";
				VALIDATE_PRODUCT = YES;
			};
			name = Release;
		};
		D917C4B1260FC471002A6F21 /* Debug */ = {
			isa = XCBuildConfiguration;
			baseConfigurationReference = 22A27DE5B4D27D1FAF6921DC /* Pods-Sports-App.debug.xcconfig */;
			buildSettings = {
				ASSETCATALOG_COMPILER_APPICON_NAME = AppIcon;
				ASSETCATALOG_COMPILER_GLOBAL_ACCENT_COLOR_NAME = AccentColor;
				CODE_SIGN_STYLE = Automatic;
				DEVELOPMENT_TEAM = X4YZSY77G5;
				INFOPLIST_FILE = "$(SRCROOT)/Sports-App/Resources/Info.plist";
				IPHONEOS_DEPLOYMENT_TARGET = 12.0;
				LD_RUNPATH_SEARCH_PATHS = (
					"$(inherited)",
					"@executable_path/Frameworks",
				);
				PRODUCT_BUNDLE_IDENTIFIER = "com.myorganization199.Sports-App";
				PRODUCT_NAME = "$(TARGET_NAME)";
				SWIFT_VERSION = 5.0;
				TARGETED_DEVICE_FAMILY = 1;
			};
			name = Debug;
		};
		D917C4B2260FC471002A6F21 /* Release */ = {
			isa = XCBuildConfiguration;
			baseConfigurationReference = 3CABC5E6AAA715EEB5876503 /* Pods-Sports-App.release.xcconfig */;
			buildSettings = {
				ASSETCATALOG_COMPILER_APPICON_NAME = AppIcon;
				ASSETCATALOG_COMPILER_GLOBAL_ACCENT_COLOR_NAME = AccentColor;
				CODE_SIGN_STYLE = Automatic;
				DEVELOPMENT_TEAM = X4YZSY77G5;
				INFOPLIST_FILE = "$(SRCROOT)/Sports-App/Resources/Info.plist";
				IPHONEOS_DEPLOYMENT_TARGET = 12.0;
				LD_RUNPATH_SEARCH_PATHS = (
					"$(inherited)",
					"@executable_path/Frameworks",
				);
				PRODUCT_BUNDLE_IDENTIFIER = "com.myorganization199.Sports-App";
				PRODUCT_NAME = "$(TARGET_NAME)";
				SWIFT_VERSION = 5.0;
				TARGETED_DEVICE_FAMILY = 1;
			};
			name = Release;
		};
		D917C4CB260FC514002A6F21 /* Debug */ = {
			isa = XCBuildConfiguration;
			baseConfigurationReference = FDE604A4A78A08B57D518F3A /* Pods-Sports-AppTests.debug.xcconfig */;
			buildSettings = {
				BUNDLE_LOADER = "$(TEST_HOST)";
				CODE_SIGN_STYLE = Automatic;
				DEVELOPMENT_TEAM = X4YZSY77G5;
				INFOPLIST_FILE = "Sports-AppTests/Info.plist";
				LD_RUNPATH_SEARCH_PATHS = (
					"$(inherited)",
					"@executable_path/Frameworks",
					"@loader_path/Frameworks",
				);
				PRODUCT_BUNDLE_IDENTIFIER = "com.myorganization199.Sports-AppTests";
				PRODUCT_NAME = "$(TARGET_NAME)";
				SWIFT_VERSION = 5.0;
				TARGETED_DEVICE_FAMILY = "1,2";
				TEST_HOST = "$(BUILT_PRODUCTS_DIR)/Sports-App.app/Sports-App";
			};
			name = Debug;
		};
		D917C4CC260FC514002A6F21 /* Release */ = {
			isa = XCBuildConfiguration;
			baseConfigurationReference = D7A255053363D7BAD1FE5953 /* Pods-Sports-AppTests.release.xcconfig */;
			buildSettings = {
				BUNDLE_LOADER = "$(TEST_HOST)";
				CODE_SIGN_STYLE = Automatic;
				DEVELOPMENT_TEAM = X4YZSY77G5;
				INFOPLIST_FILE = "Sports-AppTests/Info.plist";
				LD_RUNPATH_SEARCH_PATHS = (
					"$(inherited)",
					"@executable_path/Frameworks",
					"@loader_path/Frameworks",
				);
				PRODUCT_BUNDLE_IDENTIFIER = "com.myorganization199.Sports-AppTests";
				PRODUCT_NAME = "$(TARGET_NAME)";
				SWIFT_VERSION = 5.0;
				TARGETED_DEVICE_FAMILY = "1,2";
				TEST_HOST = "$(BUILT_PRODUCTS_DIR)/Sports-App.app/Sports-App";
			};
			name = Release;
		};
/* End XCBuildConfiguration section */

/* Begin XCConfigurationList section */
		D917C494260FC470002A6F21 /* Build configuration list for PBXProject "Sports-App" */ = {
			isa = XCConfigurationList;
			buildConfigurations = (
				D917C4AE260FC471002A6F21 /* Debug */,
				D917C4AF260FC471002A6F21 /* Release */,
			);
			defaultConfigurationIsVisible = 0;
			defaultConfigurationName = Release;
		};
		D917C4B0260FC471002A6F21 /* Build configuration list for PBXNativeTarget "Sports-App" */ = {
			isa = XCConfigurationList;
			buildConfigurations = (
				D917C4B1260FC471002A6F21 /* Debug */,
				D917C4B2260FC471002A6F21 /* Release */,
			);
			defaultConfigurationIsVisible = 0;
			defaultConfigurationName = Release;
		};
		D917C4CA260FC514002A6F21 /* Build configuration list for PBXNativeTarget "Sports-AppTests" */ = {
			isa = XCConfigurationList;
			buildConfigurations = (
				D917C4CB260FC514002A6F21 /* Debug */,
				D917C4CC260FC514002A6F21 /* Release */,
			);
			defaultConfigurationIsVisible = 0;
			defaultConfigurationName = Release;
		};
/* End XCConfigurationList section */

/* Begin XCVersionGroup section */
		D917C4A5260FC470002A6F21 /* Sports_App.xcdatamodeld */ = {
			isa = XCVersionGroup;
			children = (
				D917C4A6260FC470002A6F21 /* Sports_App.xcdatamodel */,
			);
			currentVersion = D917C4A6260FC470002A6F21 /* Sports_App.xcdatamodel */;
			path = Sports_App.xcdatamodeld;
			sourceTree = "<group>";
			versionGroupType = wrapper.xcdatamodel;
		};
/* End XCVersionGroup section */
	};
	rootObject = D917C491260FC470002A6F21 /* Project object */;
}
